// !$*UTF8*$!
{
	archiveVersion = 1;
	classes = {
	};
	objectVersion = 48;
	objects = {

/* Begin PBXBuildFile section */
		DC229C702063869500F45C8C /* YYBaseCollectionViewController.swift in Sources */ = {isa = PBXBuildFile; fileRef = DC229C6F2063869500F45C8C /* YYBaseCollectionViewController.swift */; };
		DC229C7620639FB900F45C8C /* ScrollView+PlaceHolder.swift in Sources */ = {isa = PBXBuildFile; fileRef = DC229C7520639FB900F45C8C /* ScrollView+PlaceHolder.swift */; };
		DC229C782063A10F00F45C8C /* YYEmptyView.swift in Sources */ = {isa = PBXBuildFile; fileRef = DC229C772063A10F00F45C8C /* YYEmptyView.swift */; };
		DC229C7A2063A11700F45C8C /* YYEmptyView.xib in Resources */ = {isa = PBXBuildFile; fileRef = DC229C792063A11700F45C8C /* YYEmptyView.xib */; };
		DC229C7D2063A88C00F45C8C /* YYStitchingCell.swift in Sources */ = {isa = PBXBuildFile; fileRef = DC229C7B2063A88C00F45C8C /* YYStitchingCell.swift */; };
		DC229C7E2063A88C00F45C8C /* YYStitchingCell.xib in Resources */ = {isa = PBXBuildFile; fileRef = DC229C7C2063A88C00F45C8C /* YYStitchingCell.xib */; };
		DC229C802063A90100F45C8C /* YYStitchingFlowLayout.swift in Sources */ = {isa = PBXBuildFile; fileRef = DC229C7F2063A90100F45C8C /* YYStitchingFlowLayout.swift */; };
		DC229C932064DF0500F45C8C /* YYScaleViewController.swift in Sources */ = {isa = PBXBuildFile; fileRef = DC229C922064DF0500F45C8C /* YYScaleViewController.swift */; };
		DC5A186D206888160028CA54 /* 5.jpg in Resources */ = {isa = PBXBuildFile; fileRef = DC5A186C206888150028CA54 /* 5.jpg */; };
		DC5A187020688E5E0028CA54 /* YYScaleMovingCell.swift in Sources */ = {isa = PBXBuildFile; fileRef = DC5A186E20688E5E0028CA54 /* YYScaleMovingCell.swift */; };
		DC5A187120688E5E0028CA54 /* YYScaleMovingCell.xib in Resources */ = {isa = PBXBuildFile; fileRef = DC5A186F20688E5E0028CA54 /* YYScaleMovingCell.xib */; };
		DC5A1873206892300028CA54 /* img_default.png in Resources */ = {isa = PBXBuildFile; fileRef = DC5A1872206892300028CA54 /* img_default.png */; };
		DC64BC01205FB88B003E204E /* AppDelegate.swift in Sources */ = {isa = PBXBuildFile; fileRef = DC64BC00205FB88B003E204E /* AppDelegate.swift */; };
		DC64BC03205FB88B003E204E /* YYMovingViewController.swift in Sources */ = {isa = PBXBuildFile; fileRef = DC64BC02205FB88B003E204E /* YYMovingViewController.swift */; };
		DC64BC06205FB88B003E204E /* Main.storyboard in Resources */ = {isa = PBXBuildFile; fileRef = DC64BC04205FB88B003E204E /* Main.storyboard */; };
		DC64BC08205FB88B003E204E /* Assets.xcassets in Resources */ = {isa = PBXBuildFile; fileRef = DC64BC07205FB88B003E204E /* Assets.xcassets */; };
		DC64BC0B205FB88B003E204E /* LaunchScreen.storyboard in Resources */ = {isa = PBXBuildFile; fileRef = DC64BC09205FB88B003E204E /* LaunchScreen.storyboard */; };
		DC64BC16205FB88B003E204E /* YYImageStitchingTests.swift in Sources */ = {isa = PBXBuildFile; fileRef = DC64BC15205FB88B003E204E /* YYImageStitchingTests.swift */; };
		DC64BC21205FB88B003E204E /* YYImageStitchingUITests.swift in Sources */ = {isa = PBXBuildFile; fileRef = DC64BC20205FB88B003E204E /* YYImageStitchingUITests.swift */; };
		DC64BC30205FBF7C003E204E /* YYMovingFlowLayout.swift in Sources */ = {isa = PBXBuildFile; fileRef = DC64BC2F205FBF7C003E204E /* YYMovingFlowLayout.swift */; };
		DC64BC33205FC0FF003E204E /* YYMovingCell.swift in Sources */ = {isa = PBXBuildFile; fileRef = DC64BC31205FC0FF003E204E /* YYMovingCell.swift */; };
		DC64BC34205FC0FF003E204E /* YYMovingCell.xib in Resources */ = {isa = PBXBuildFile; fileRef = DC64BC32205FC0FF003E204E /* YYMovingCell.xib */; };
		DC64BC36205FC134003E204E /* UIColor+Extension.swift in Sources */ = {isa = PBXBuildFile; fileRef = DC64BC35205FC134003E204E /* UIColor+Extension.swift */; };
		DC64BC38205FC165003E204E /* String+Extension.swift in Sources */ = {isa = PBXBuildFile; fileRef = DC64BC37205FC165003E204E /* String+Extension.swift */; };
		DC64BC3A205FC1A0003E204E /* UIImage+Extension.swift in Sources */ = {isa = PBXBuildFile; fileRef = DC64BC39205FC1A0003E204E /* UIImage+Extension.swift */; };
		DC64BC3C205FDE3C003E204E /* YYRootViewController.swift in Sources */ = {isa = PBXBuildFile; fileRef = DC64BC3B205FDE3C003E204E /* YYRootViewController.swift */; };
		DC64BC3E205FDF1D003E204E /* YYStitchingViewController.swift in Sources */ = {isa = PBXBuildFile; fileRef = DC64BC3D205FDF1D003E204E /* YYStitchingViewController.swift */; };
		DC64BC40205FE077003E204E /* YYPickerImageViewController.swift in Sources */ = {isa = PBXBuildFile; fileRef = DC64BC3F205FE077003E204E /* YYPickerImageViewController.swift */; };
		DC64BC422060B686003E204E /* YYImageModel.swift in Sources */ = {isa = PBXBuildFile; fileRef = DC64BC412060B686003E204E /* YYImageModel.swift */; };
/* End PBXBuildFile section */

/* Begin PBXContainerItemProxy section */
		DC64BC12205FB88B003E204E /* PBXContainerItemProxy */ = {
			isa = PBXContainerItemProxy;
			containerPortal = DC64BBF5205FB88B003E204E /* Project object */;
			proxyType = 1;
			remoteGlobalIDString = DC64BBFC205FB88B003E204E;
			remoteInfo = YYImageStitching;
		};
		DC64BC1D205FB88B003E204E /* PBXContainerItemProxy */ = {
			isa = PBXContainerItemProxy;
			containerPortal = DC64BBF5205FB88B003E204E /* Project object */;
			proxyType = 1;
			remoteGlobalIDString = DC64BBFC205FB88B003E204E;
			remoteInfo = YYImageStitching;
		};
/* End PBXContainerItemProxy section */

/* Begin PBXFileReference section */
		DC229C6F2063869500F45C8C /* YYBaseCollectionViewController.swift */ = {isa = PBXFileReference; lastKnownFileType = sourcecode.swift; path = YYBaseCollectionViewController.swift; sourceTree = "<group>"; };
		DC229C7520639FB900F45C8C /* ScrollView+PlaceHolder.swift */ = {isa = PBXFileReference; fileEncoding = 4; lastKnownFileType = sourcecode.swift; path = "ScrollView+PlaceHolder.swift"; sourceTree = "<group>"; };
		DC229C772063A10F00F45C8C /* YYEmptyView.swift */ = {isa = PBXFileReference; lastKnownFileType = sourcecode.swift; path = YYEmptyView.swift; sourceTree = "<group>"; };
		DC229C792063A11700F45C8C /* YYEmptyView.xib */ = {isa = PBXFileReference; lastKnownFileType = file.xib; path = YYEmptyView.xib; sourceTree = "<group>"; };
		DC229C7B2063A88C00F45C8C /* YYStitchingCell.swift */ = {isa = PBXFileReference; lastKnownFileType = sourcecode.swift; path = YYStitchingCell.swift; sourceTree = "<group>"; };
		DC229C7C2063A88C00F45C8C /* YYStitchingCell.xib */ = {isa = PBXFileReference; lastKnownFileType = file.xib; path = YYStitchingCell.xib; sourceTree = "<group>"; };
		DC229C7F2063A90100F45C8C /* YYStitchingFlowLayout.swift */ = {isa = PBXFileReference; lastKnownFileType = sourcecode.swift; path = YYStitchingFlowLayout.swift; sourceTree = "<group>"; };
		DC229C922064DF0500F45C8C /* YYScaleViewController.swift */ = {isa = PBXFileReference; lastKnownFileType = sourcecode.swift; path = YYScaleViewController.swift; sourceTree = "<group>"; };
		DC5A186C206888150028CA54 /* 5.jpg */ = {isa = PBXFileReference; lastKnownFileType = image.jpeg; path = 5.jpg; sourceTree = "<group>"; };
		DC5A186E20688E5E0028CA54 /* YYScaleMovingCell.swift */ = {isa = PBXFileReference; lastKnownFileType = sourcecode.swift; path = YYScaleMovingCell.swift; sourceTree = "<group>"; };
		DC5A186F20688E5E0028CA54 /* YYScaleMovingCell.xib */ = {isa = PBXFileReference; lastKnownFileType = file.xib; path = YYScaleMovingCell.xib; sourceTree = "<group>"; };
		DC5A1872206892300028CA54 /* img_default.png */ = {isa = PBXFileReference; lastKnownFileType = image.png; path = img_default.png; sourceTree = "<group>"; };
		DC64BBFD205FB88B003E204E /* YYImageStitching.app */ = {isa = PBXFileReference; explicitFileType = wrapper.application; includeInIndex = 0; path = YYImageStitching.app; sourceTree = BUILT_PRODUCTS_DIR; };
		DC64BC00205FB88B003E204E /* AppDelegate.swift */ = {isa = PBXFileReference; lastKnownFileType = sourcecode.swift; path = AppDelegate.swift; sourceTree = "<group>"; };
		DC64BC02205FB88B003E204E /* YYMovingViewController.swift */ = {isa = PBXFileReference; lastKnownFileType = sourcecode.swift; path = YYMovingViewController.swift; sourceTree = "<group>"; };
		DC64BC05205FB88B003E204E /* Base */ = {isa = PBXFileReference; lastKnownFileType = file.storyboard; name = Base; path = Base.lproj/Main.storyboard; sourceTree = "<group>"; };
		DC64BC07205FB88B003E204E /* Assets.xcassets */ = {isa = PBXFileReference; lastKnownFileType = folder.assetcatalog; path = Assets.xcassets; sourceTree = "<group>"; };
		DC64BC0A205FB88B003E204E /* Base */ = {isa = PBXFileReference; lastKnownFileType = file.storyboard; name = Base; path = Base.lproj/LaunchScreen.storyboard; sourceTree = "<group>"; };
		DC64BC0C205FB88B003E204E /* Info.plist */ = {isa = PBXFileReference; lastKnownFileType = text.plist.xml; path = Info.plist; sourceTree = "<group>"; };
		DC64BC11205FB88B003E204E /* YYImageStitchingTests.xctest */ = {isa = PBXFileReference; explicitFileType = wrapper.cfbundle; includeInIndex = 0; path = YYImageStitchingTests.xctest; sourceTree = BUILT_PRODUCTS_DIR; };
		DC64BC15205FB88B003E204E /* YYImageStitchingTests.swift */ = {isa = PBXFileReference; lastKnownFileType = sourcecode.swift; path = YYImageStitchingTests.swift; sourceTree = "<group>"; };
		DC64BC17205FB88B003E204E /* Info.plist */ = {isa = PBXFileReference; lastKnownFileType = text.plist.xml; path = Info.plist; sourceTree = "<group>"; };
		DC64BC1C205FB88B003E204E /* YYImageStitchingUITests.xctest */ = {isa = PBXFileReference; explicitFileType = wrapper.cfbundle; includeInIndex = 0; path = YYImageStitchingUITests.xctest; sourceTree = BUILT_PRODUCTS_DIR; };
		DC64BC20205FB88B003E204E /* YYImageStitchingUITests.swift */ = {isa = PBXFileReference; lastKnownFileType = sourcecode.swift; path = YYImageStitchingUITests.swift; sourceTree = "<group>"; };
		DC64BC22205FB88B003E204E /* Info.plist */ = {isa = PBXFileReference; lastKnownFileType = text.plist.xml; path = Info.plist; sourceTree = "<group>"; };
		DC64BC2F205FBF7C003E204E /* YYMovingFlowLayout.swift */ = {isa = PBXFileReference; lastKnownFileType = sourcecode.swift; path = YYMovingFlowLayout.swift; sourceTree = "<group>"; };
		DC64BC31205FC0FF003E204E /* YYMovingCell.swift */ = {isa = PBXFileReference; lastKnownFileType = sourcecode.swift; path = YYMovingCell.swift; sourceTree = "<group>"; };
		DC64BC32205FC0FF003E204E /* YYMovingCell.xib */ = {isa = PBXFileReference; lastKnownFileType = file.xib; path = YYMovingCell.xib; sourceTree = "<group>"; };
		DC64BC35205FC134003E204E /* UIColor+Extension.swift */ = {isa = PBXFileReference; fileEncoding = 4; lastKnownFileType = sourcecode.swift; path = "UIColor+Extension.swift"; sourceTree = "<group>"; };
		DC64BC37205FC165003E204E /* String+Extension.swift */ = {isa = PBXFileReference; fileEncoding = 4; lastKnownFileType = sourcecode.swift; path = "String+Extension.swift"; sourceTree = "<group>"; };
		DC64BC39205FC1A0003E204E /* UIImage+Extension.swift */ = {isa = PBXFileReference; fileEncoding = 4; lastKnownFileType = sourcecode.swift; path = "UIImage+Extension.swift"; sourceTree = "<group>"; };
		DC64BC3B205FDE3C003E204E /* YYRootViewController.swift */ = {isa = PBXFileReference; lastKnownFileType = sourcecode.swift; path = YYRootViewController.swift; sourceTree = "<group>"; };
		DC64BC3D205FDF1D003E204E /* YYStitchingViewController.swift */ = {isa = PBXFileReference; lastKnownFileType = sourcecode.swift; path = YYStitchingViewController.swift; sourceTree = "<group>"; };
		DC64BC3F205FE077003E204E /* YYPickerImageViewController.swift */ = {isa = PBXFileReference; lastKnownFileType = sourcecode.swift; path = YYPickerImageViewController.swift; sourceTree = "<group>"; };
		DC64BC412060B686003E204E /* YYImageModel.swift */ = {isa = PBXFileReference; lastKnownFileType = sourcecode.swift; path = YYImageModel.swift; sourceTree = "<group>"; };
/* End PBXFileReference section */

/* Begin PBXFrameworksBuildPhase section */
		DC64BBFA205FB88B003E204E /* Frameworks */ = {
			isa = PBXFrameworksBuildPhase;
			buildActionMask = 2147483647;
			files = (
			);
			runOnlyForDeploymentPostprocessing = 0;
		};
		DC64BC0E205FB88B003E204E /* Frameworks */ = {
			isa = PBXFrameworksBuildPhase;
			buildActionMask = 2147483647;
			files = (
			);
			runOnlyForDeploymentPostprocessing = 0;
		};
		DC64BC19205FB88B003E204E /* Frameworks */ = {
			isa = PBXFrameworksBuildPhase;
			buildActionMask = 2147483647;
			files = (
			);
			runOnlyForDeploymentPostprocessing = 0;
		};
/* End PBXFrameworksBuildPhase section */

/* Begin PBXGroup section */
		DC64BBF4205FB88B003E204E = {
			isa = PBXGroup;
			children = (
				DC64BBFF205FB88B003E204E /* YYImageStitching */,
				DC64BC14205FB88B003E204E /* YYImageStitchingTests */,
				DC64BC1F205FB88B003E204E /* YYImageStitchingUITests */,
				DC64BBFE205FB88B003E204E /* Products */,
			);
			sourceTree = "<group>";
		};
		DC64BBFE205FB88B003E204E /* Products */ = {
			isa = PBXGroup;
			children = (
				DC64BBFD205FB88B003E204E /* YYImageStitching.app */,
				DC64BC11205FB88B003E204E /* YYImageStitchingTests.xctest */,
				DC64BC1C205FB88B003E204E /* YYImageStitchingUITests.xctest */,
			);
			name = Products;
			sourceTree = "<group>";
		};
		DC64BBFF205FB88B003E204E /* YYImageStitching */ = {
			isa = PBXGroup;
			children = (
				DC64BC2E205FBF51003E204E /* Stitching */,
				DC64BC00205FB88B003E204E /* AppDelegate.swift */,
				DC64BC3B205FDE3C003E204E /* YYRootViewController.swift */,
				DC229C7B2063A88C00F45C8C /* YYStitchingCell.swift */,
				DC229C7C2063A88C00F45C8C /* YYStitchingCell.xib */,
				DC229C7F2063A90100F45C8C /* YYStitchingFlowLayout.swift */,
				DC229C922064DF0500F45C8C /* YYScaleViewController.swift */,
				DC229C772063A10F00F45C8C /* YYEmptyView.swift */,
				DC229C792063A11700F45C8C /* YYEmptyView.xib */,
				DC64BC04205FB88B003E204E /* Main.storyboard */,
				DC5A186C206888150028CA54 /* 5.jpg */,
				DC5A1872206892300028CA54 /* img_default.png */,
				DC64BC07205FB88B003E204E /* Assets.xcassets */,
				DC64BC09205FB88B003E204E /* LaunchScreen.storyboard */,
				DC64BC0C205FB88B003E204E /* Info.plist */,
			);
			path = YYImageStitching;
			sourceTree = "<group>";
		};
		DC64BC14205FB88B003E204E /* YYImageStitchingTests */ = {
			isa = PBXGroup;
			children = (
				DC64BC15205FB88B003E204E /* YYImageStitchingTests.swift */,
				DC64BC17205FB88B003E204E /* Info.plist */,
			);
			path = YYImageStitchingTests;
			sourceTree = "<group>";
		};
		DC64BC1F205FB88B003E204E /* YYImageStitchingUITests */ = {
			isa = PBXGroup;
			children = (
				DC64BC20205FB88B003E204E /* YYImageStitchingUITests.swift */,
				DC64BC22205FB88B003E204E /* Info.plist */,
			);
			path = YYImageStitchingUITests;
			sourceTree = "<group>";
		};
		DC64BC2E205FBF51003E204E /* Stitching */ = {
			isa = PBXGroup;
			children = (
				DC229C7520639FB900F45C8C /* ScrollView+PlaceHolder.swift */,
				DC64BC3F205FE077003E204E /* YYPickerImageViewController.swift */,
				DC229C6F2063869500F45C8C /* YYBaseCollectionViewController.swift */,
				DC64BC02205FB88B003E204E /* YYMovingViewController.swift */,
				DC64BC3D205FDF1D003E204E /* YYStitchingViewController.swift */,
				DC64BC39205FC1A0003E204E /* UIImage+Extension.swift */,
				DC64BC35205FC134003E204E /* UIColor+Extension.swift */,
				DC64BC37205FC165003E204E /* String+Extension.swift */,
				DC64BC2F205FBF7C003E204E /* YYMovingFlowLayout.swift */,
				DC64BC31205FC0FF003E204E /* YYMovingCell.swift */,
				DC64BC32205FC0FF003E204E /* YYMovingCell.xib */,
				DC5A186E20688E5E0028CA54 /* YYScaleMovingCell.swift */,
				DC5A186F20688E5E0028CA54 /* YYScaleMovingCell.xib */,
				DC64BC412060B686003E204E /* YYImageModel.swift */,
			);
			path = Stitching;
			sourceTree = "<group>";
		};
/* End PBXGroup section */

/* Begin PBXNativeTarget section */
		DC64BBFC205FB88B003E204E /* YYImageStitching */ = {
			isa = PBXNativeTarget;
			buildConfigurationList = DC64BC25205FB88B003E204E /* Build configuration list for PBXNativeTarget "YYImageStitching" */;
			buildPhases = (
				DC64BBF9205FB88B003E204E /* Sources */,
				DC64BBFA205FB88B003E204E /* Frameworks */,
				DC64BBFB205FB88B003E204E /* Resources */,
			);
			buildRules = (
			);
			dependencies = (
			);
			name = YYImageStitching;
			productName = YYImageStitching;
			productReference = DC64BBFD205FB88B003E204E /* YYImageStitching.app */;
			productType = "com.apple.product-type.application";
		};
		DC64BC10205FB88B003E204E /* YYImageStitchingTests */ = {
			isa = PBXNativeTarget;
			buildConfigurationList = DC64BC28205FB88B003E204E /* Build configuration list for PBXNativeTarget "YYImageStitchingTests" */;
			buildPhases = (
				DC64BC0D205FB88B003E204E /* Sources */,
				DC64BC0E205FB88B003E204E /* Frameworks */,
				DC64BC0F205FB88B003E204E /* Resources */,
			);
			buildRules = (
			);
			dependencies = (
				DC64BC13205FB88B003E204E /* PBXTargetDependency */,
			);
			name = YYImageStitchingTests;
			productName = YYImageStitchingTests;
			productReference = DC64BC11205FB88B003E204E /* YYImageStitchingTests.xctest */;
			productType = "com.apple.product-type.bundle.unit-test";
		};
		DC64BC1B205FB88B003E204E /* YYImageStitchingUITests */ = {
			isa = PBXNativeTarget;
			buildConfigurationList = DC64BC2B205FB88B003E204E /* Build configuration list for PBXNativeTarget "YYImageStitchingUITests" */;
			buildPhases = (
				DC64BC18205FB88B003E204E /* Sources */,
				DC64BC19205FB88B003E204E /* Frameworks */,
				DC64BC1A205FB88B003E204E /* Resources */,
			);
			buildRules = (
			);
			dependencies = (
				DC64BC1E205FB88B003E204E /* PBXTargetDependency */,
			);
			name = YYImageStitchingUITests;
			productName = YYImageStitchingUITests;
			productReference = DC64BC1C205FB88B003E204E /* YYImageStitchingUITests.xctest */;
			productType = "com.apple.product-type.bundle.ui-testing";
		};
/* End PBXNativeTarget section */

/* Begin PBXProject section */
		DC64BBF5205FB88B003E204E /* Project object */ = {
			isa = PBXProject;
			attributes = {
				LastSwiftUpdateCheck = 0920;
				LastUpgradeCheck = 0920;
				ORGANIZATIONNAME = "侯佳男";
				TargetAttributes = {
					DC64BBFC205FB88B003E204E = {
						CreatedOnToolsVersion = 9.2;
						ProvisioningStyle = Automatic;
					};
					DC64BC10205FB88B003E204E = {
						CreatedOnToolsVersion = 9.2;
						ProvisioningStyle = Automatic;
						TestTargetID = DC64BBFC205FB88B003E204E;
					};
					DC64BC1B205FB88B003E204E = {
						CreatedOnToolsVersion = 9.2;
						ProvisioningStyle = Automatic;
						TestTargetID = DC64BBFC205FB88B003E204E;
					};
				};
			};
			buildConfigurationList = DC64BBF8205FB88B003E204E /* Build configuration list for PBXProject "YYImageStitching" */;
			compatibilityVersion = "Xcode 8.0";
			developmentRegion = en;
			hasScannedForEncodings = 0;
			knownRegions = (
				en,
				Base,
			);
			mainGroup = DC64BBF4205FB88B003E204E;
			productRefGroup = DC64BBFE205FB88B003E204E /* Products */;
			projectDirPath = "";
			projectRoot = "";
			targets = (
				DC64BBFC205FB88B003E204E /* YYImageStitching */,
				DC64BC10205FB88B003E204E /* YYImageStitchingTests */,
				DC64BC1B205FB88B003E204E /* YYImageStitchingUITests */,
			);
		};
/* End PBXProject section */

/* Begin PBXResourcesBuildPhase section */
		DC64BBFB205FB88B003E204E /* Resources */ = {
			isa = PBXResourcesBuildPhase;
			buildActionMask = 2147483647;
			files = (
				DC5A187120688E5E0028CA54 /* YYScaleMovingCell.xib in Resources */,
				DC64BC0B205FB88B003E204E /* LaunchScreen.storyboard in Resources */,
				DC64BC08205FB88B003E204E /* Assets.xcassets in Resources */,
				DC64BC06205FB88B003E204E /* Main.storyboard in Resources */,
				DC229C7A2063A11700F45C8C /* YYEmptyView.xib in Resources */,
				DC5A186D206888160028CA54 /* 5.jpg in Resources */,
				DC64BC34205FC0FF003E204E /* YYMovingCell.xib in Resources */,
				DC229C7E2063A88C00F45C8C /* YYStitchingCell.xib in Resources */,
				DC5A1873206892300028CA54 /* img_default.png in Resources */,
			);
			runOnlyForDeploymentPostprocessing = 0;
		};
		DC64BC0F205FB88B003E204E /* Resources */ = {
			isa = PBXResourcesBuildPhase;
			buildActionMask = 2147483647;
			files = (
			);
			runOnlyForDeploymentPostprocessing = 0;
		};
		DC64BC1A205FB88B003E204E /* Resources */ = {
			isa = PBXResourcesBuildPhase;
			buildActionMask = 2147483647;
			files = (
			);
			runOnlyForDeploymentPostprocessing = 0;
		};
/* End PBXResourcesBuildPhase section */

/* Begin PBXSourcesBuildPhase section */
		DC64BBF9205FB88B003E204E /* Sources */ = {
			isa = PBXSourcesBuildPhase;
			buildActionMask = 2147483647;
			files = (
				DC5A187020688E5E0028CA54 /* YYScaleMovingCell.swift in Sources */,
				DC229C7620639FB900F45C8C /* ScrollView+PlaceHolder.swift in Sources */,
				DC64BC422060B686003E204E /* YYImageModel.swift in Sources */,
				DC229C932064DF0500F45C8C /* YYScaleViewController.swift in Sources */,
				DC64BC03205FB88B003E204E /* YYMovingViewController.swift in Sources */,
				DC229C7D2063A88C00F45C8C /* YYStitchingCell.swift in Sources */,
				DC64BC3A205FC1A0003E204E /* UIImage+Extension.swift in Sources */,
				DC64BC3C205FDE3C003E204E /* YYRootViewController.swift in Sources */,
				DC64BC30205FBF7C003E204E /* YYMovingFlowLayout.swift in Sources */,
				DC229C782063A10F00F45C8C /* YYEmptyView.swift in Sources */,
				DC64BC40205FE077003E204E /* YYPickerImageViewController.swift in Sources */,
				DC64BC3E205FDF1D003E204E /* YYStitchingViewController.swift in Sources */,
				DC229C702063869500F45C8C /* YYBaseCollectionViewController.swift in Sources */,
				DC229C802063A90100F45C8C /* YYStitchingFlowLayout.swift in Sources */,
				DC64BC01205FB88B003E204E /* AppDelegate.swift in Sources */,
				DC64BC33205FC0FF003E204E /* YYMovingCell.swift in Sources */,
				DC64BC38205FC165003E204E /* String+Extension.swift in Sources */,
				DC64BC36205FC134003E204E /* UIColor+Extension.swift in Sources */,
			);
			runOnlyForDeploymentPostprocessing = 0;
		};
		DC64BC0D205FB88B003E204E /* Sources */ = {
			isa = PBXSourcesBuildPhase;
			buildActionMask = 2147483647;
			files = (
				DC64BC16205FB88B003E204E /* YYImageStitchingTests.swift in Sources */,
			);
			runOnlyForDeploymentPostprocessing = 0;
		};
		DC64BC18205FB88B003E204E /* Sources */ = {
			isa = PBXSourcesBuildPhase;
			buildActionMask = 2147483647;
			files = (
				DC64BC21205FB88B003E204E /* YYImageStitchingUITests.swift in Sources */,
			);
			runOnlyForDeploymentPostprocessing = 0;
		};
/* End PBXSourcesBuildPhase section */

/* Begin PBXTargetDependency section */
		DC64BC13205FB88B003E204E /* PBXTargetDependency */ = {
			isa = PBXTargetDependency;
			target = DC64BBFC205FB88B003E204E /* YYImageStitching */;
			targetProxy = DC64BC12205FB88B003E204E /* PBXContainerItemProxy */;
		};
		DC64BC1E205FB88B003E204E /* PBXTargetDependency */ = {
			isa = PBXTargetDependency;
			target = DC64BBFC205FB88B003E204E /* YYImageStitching */;
			targetProxy = DC64BC1D205FB88B003E204E /* PBXContainerItemProxy */;
		};
/* End PBXTargetDependency section */

/* Begin PBXVariantGroup section */
		DC64BC04205FB88B003E204E /* Main.storyboard */ = {
			isa = PBXVariantGroup;
			children = (
				DC64BC05205FB88B003E204E /* Base */,
			);
			name = Main.storyboard;
			sourceTree = "<group>";
		};
		DC64BC09205FB88B003E204E /* LaunchScreen.storyboard */ = {
			isa = PBXVariantGroup;
			children = (
				DC64BC0A205FB88B003E204E /* Base */,
			);
			name = LaunchScreen.storyboard;
			sourceTree = "<group>";
		};
/* End PBXVariantGroup section */

/* Begin XCBuildConfiguration section */
		DC64BC23205FB88B003E204E /* Debug */ = {
			isa = XCBuildConfiguration;
			buildSettings = {
				ALWAYS_SEARCH_USER_PATHS = NO;
				CLANG_ANALYZER_NONNULL = YES;
				CLANG_ANALYZER_NUMBER_OBJECT_CONVERSION = YES_AGGRESSIVE;
				CLANG_CXX_LANGUAGE_STANDARD = "gnu++14";
				CLANG_CXX_LIBRARY = "libc++";
				CLANG_ENABLE_MODULES = YES;
				CLANG_ENABLE_OBJC_ARC = YES;
				CLANG_WARN_BLOCK_CAPTURE_AUTORELEASING = YES;
				CLANG_WARN_BOOL_CONVERSION = YES;
				CLANG_WARN_COMMA = YES;
				CLANG_WARN_CONSTANT_CONVERSION = YES;
				CLANG_WARN_DIRECT_OBJC_ISA_USAGE = YES_ERROR;
				CLANG_WARN_DOCUMENTATION_COMMENTS = YES;
				CLANG_WARN_EMPTY_BODY = YES;
				CLANG_WARN_ENUM_CONVERSION = YES;
				CLANG_WARN_INFINITE_RECURSION = YES;
				CLANG_WARN_INT_CONVERSION = YES;
				CLANG_WARN_NON_LITERAL_NULL_CONVERSION = YES;
				CLANG_WARN_OBJC_LITERAL_CONVERSION = YES;
				CLANG_WARN_OBJC_ROOT_CLASS = YES_ERROR;
				CLANG_WARN_RANGE_LOOP_ANALYSIS = YES;
				CLANG_WARN_STRICT_PROTOTYPES = YES;
				CLANG_WARN_SUSPICIOUS_MOVE = YES;
				CLANG_WARN_UNGUARDED_AVAILABILITY = YES_AGGRESSIVE;
				CLANG_WARN_UNREACHABLE_CODE = YES;
				CLANG_WARN__DUPLICATE_METHOD_MATCH = YES;
				CODE_SIGN_IDENTITY = "iPhone Developer";
				COPY_PHASE_STRIP = NO;
				DEBUG_INFORMATION_FORMAT = dwarf;
				ENABLE_STRICT_OBJC_MSGSEND = YES;
				ENABLE_TESTABILITY = YES;
				GCC_C_LANGUAGE_STANDARD = gnu11;
				GCC_DYNAMIC_NO_PIC = NO;
				GCC_NO_COMMON_BLOCKS = YES;
				GCC_OPTIMIZATION_LEVEL = 0;
				GCC_PREPROCESSOR_DEFINITIONS = (
					"DEBUG=1",
					"$(inherited)",
				);
				GCC_WARN_64_TO_32_BIT_CONVERSION = YES;
				GCC_WARN_ABOUT_RETURN_TYPE = YES_ERROR;
				GCC_WARN_UNDECLARED_SELECTOR = YES;
				GCC_WARN_UNINITIALIZED_AUTOS = YES_AGGRESSIVE;
				GCC_WARN_UNUSED_FUNCTION = YES;
				GCC_WARN_UNUSED_VARIABLE = YES;
				IPHONEOS_DEPLOYMENT_TARGET = 9.0;
				MTL_ENABLE_DEBUG_INFO = YES;
				ONLY_ACTIVE_ARCH = YES;
				SDKROOT = iphoneos;
				SWIFT_ACTIVE_COMPILATION_CONDITIONS = DEBUG;
				SWIFT_OPTIMIZATION_LEVEL = "-Onone";
			};
			name = Debug;
		};
		DC64BC24205FB88B003E204E /* Release */ = {
			isa = XCBuildConfiguration;
			buildSettings = {
				ALWAYS_SEARCH_USER_PATHS = NO;
				CLANG_ANALYZER_NONNULL = YES;
				CLANG_ANALYZER_NUMBER_OBJECT_CONVERSION = YES_AGGRESSIVE;
				CLANG_CXX_LANGUAGE_STANDARD = "gnu++14";
				CLANG_CXX_LIBRARY = "libc++";
				CLANG_ENABLE_MODULES = YES;
				CLANG_ENABLE_OBJC_ARC = YES;
				CLANG_WARN_BLOCK_CAPTURE_AUTORELEASING = YES;
				CLANG_WARN_BOOL_CONVERSION = YES;
				CLANG_WARN_COMMA = YES;
				CLANG_WARN_CONSTANT_CONVERSION = YES;
				CLANG_WARN_DIRECT_OBJC_ISA_USAGE = YES_ERROR;
				CLANG_WARN_DOCUMENTATION_COMMENTS = YES;
				CLANG_WARN_EMPTY_BODY = YES;
				CLANG_WARN_ENUM_CONVERSION = YES;
				CLANG_WARN_INFINITE_RECURSION = YES;
				CLANG_WARN_INT_CONVERSION = YES;
				CLANG_WARN_NON_LITERAL_NULL_CONVERSION = YES;
				CLANG_WARN_OBJC_LITERAL_CONVERSION = YES;
				CLANG_WARN_OBJC_ROOT_CLASS = YES_ERROR;
				CLANG_WARN_RANGE_LOOP_ANALYSIS = YES;
				CLANG_WARN_STRICT_PROTOTYPES = YES;
				CLANG_WARN_SUSPICIOUS_MOVE = YES;
				CLANG_WARN_UNGUARDED_AVAILABILITY = YES_AGGRESSIVE;
				CLANG_WARN_UNREACHABLE_CODE = YES;
				CLANG_WARN__DUPLICATE_METHOD_MATCH = YES;
				CODE_SIGN_IDENTITY = "iPhone Developer";
				COPY_PHASE_STRIP = NO;
				DEBUG_INFORMATION_FORMAT = "dwarf-with-dsym";
				ENABLE_NS_ASSERTIONS = NO;
				ENABLE_STRICT_OBJC_MSGSEND = YES;
				GCC_C_LANGUAGE_STANDARD = gnu11;
				GCC_NO_COMMON_BLOCKS = YES;
				GCC_WARN_64_TO_32_BIT_CONVERSION = YES;
				GCC_WARN_ABOUT_RETURN_TYPE = YES_ERROR;
				GCC_WARN_UNDECLARED_SELECTOR = YES;
				GCC_WARN_UNINITIALIZED_AUTOS = YES_AGGRESSIVE;
				GCC_WARN_UNUSED_FUNCTION = YES;
				GCC_WARN_UNUSED_VARIABLE = YES;
				IPHONEOS_DEPLOYMENT_TARGET = 9.0;
				MTL_ENABLE_DEBUG_INFO = NO;
				SDKROOT = iphoneos;
				SWIFT_OPTIMIZATION_LEVEL = "-Owholemodule";
				VALIDATE_PRODUCT = YES;
			};
			name = Release;
		};
		DC64BC26205FB88B003E204E /* Debug */ = {
			isa = XCBuildConfiguration;
			buildSettings = {
				ASSETCATALOG_COMPILER_APPICON_NAME = AppIcon;
				CODE_SIGN_STYLE = Automatic;
				DEVELOPMENT_TEAM = HGA4995V4J;
				INFOPLIST_FILE = YYImageStitching/Info.plist;
				IPHONEOS_DEPLOYMENT_TARGET = 9.0;
				LD_RUNPATH_SEARCH_PATHS = "$(inherited) @executable_path/Frameworks";
				PRODUCT_BUNDLE_IDENTIFIER = JN.PuXin.YYImageStitching;
				PRODUCT_NAME = "$(TARGET_NAME)";
				SWIFT_VERSION = 4.0;
				TARGETED_DEVICE_FAMILY = "1,2";
			};
			name = Debug;
		};
		DC64BC27205FB88B003E204E /* Release */ = {
			isa = XCBuildConfiguration;
			buildSettings = {
				ASSETCATALOG_COMPILER_APPICON_NAME = AppIcon;
				CODE_SIGN_STYLE = Automatic;
				DEVELOPMENT_TEAM = HGA4995V4J;
				INFOPLIST_FILE = YYImageStitching/Info.plist;
				IPHONEOS_DEPLOYMENT_TARGET = 9.0;
				LD_RUNPATH_SEARCH_PATHS = "$(inherited) @executable_path/Frameworks";
				PRODUCT_BUNDLE_IDENTIFIER = JN.PuXin.YYImageStitching;
				PRODUCT_NAME = "$(TARGET_NAME)";
				SWIFT_VERSION = 4.0;
				TARGETED_DEVICE_FAMILY = "1,2";
			};
			name = Release;
		};
		DC64BC29205FB88B003E204E /* Debug */ = {
			isa = XCBuildConfiguration;
			buildSettings = {
				ALWAYS_EMBED_SWIFT_STANDARD_LIBRARIES = YES;
				BUNDLE_LOADER = "$(TEST_HOST)";
				CODE_SIGN_STYLE = Automatic;
				DEVELOPMENT_TEAM = HGA4995V4J;
				INFOPLIST_FILE = YYImageStitchingTests/Info.plist;
				LD_RUNPATH_SEARCH_PATHS = "$(inherited) @executable_path/Frameworks @loader_path/Frameworks";
				PRODUCT_BUNDLE_IDENTIFIER = JN.PuXin.YYImageStitchingTests;
				PRODUCT_NAME = "$(TARGET_NAME)";
				SWIFT_VERSION = 4.0;
				TARGETED_DEVICE_FAMILY = "1,2";
				TEST_HOST = "$(BUILT_PRODUCTS_DIR)/YYImageStitching.app/YYImageStitching";
			};
			name = Debug;
		};
		DC64BC2A205FB88B003E204E /* Release */ = {
			isa = XCBuildConfiguration;
			buildSettings = {
				ALWAYS_EMBED_SWIFT_STANDARD_LIBRARIES = YES;
				BUNDLE_LOADER = "$(TEST_HOST)";
				CODE_SIGN_STYLE = Automatic;
				DEVELOPMENT_TEAM = HGA4995V4J;
				INFOPLIST_FILE = YYImageStitchingTests/Info.plist;
				LD_RUNPATH_SEARCH_PATHS = "$(inherited) @executable_path/Frameworks @loader_path/Frameworks";
				PRODUCT_BUNDLE_IDENTIFIER = JN.PuXin.YYImageStitchingTests;
				PRODUCT_NAME = "$(TARGET_NAME)";
				SWIFT_VERSION = 4.0;
				TARGETED_DEVICE_FAMILY = "1,2";
				TEST_HOST = "$(BUILT_PRODUCTS_DIR)/YYImageStitching.app/YYImageStitching";
			};
			name = Release;
		};
		DC64BC2C205FB88B003E204E /* Debug */ = {
			isa = XCBuildConfiguration;
			buildSettings = {
				ALWAYS_EMBED_SWIFT_STANDARD_LIBRARIES = YES;
				CODE_SIGN_STYLE = Automatic;
				DEVELOPMENT_TEAM = HGA4995V4J;
				INFOPLIST_FILE = YYImageStitchingUITests/Info.plist;
				LD_RUNPATH_SEARCH_PATHS = "$(inherited) @executable_path/Frameworks @loader_path/Frameworks";
				PRODUCT_BUNDLE_IDENTIFIER = JN.PuXin.YYImageStitchingUITests;
				PRODUCT_NAME = "$(TARGET_NAME)";
				SWIFT_VERSION = 4.0;
				TARGETED_DEVICE_FAMILY = "1,2";
				TEST_TARGET_NAME = YYImageStitching;
			};
			name = Debug;
		};
		DC64BC2D205FB88B003E204E /* Release */ = {
			isa = XCBuildConfiguration;
			buildSettings = {
				ALWAYS_EMBED_SWIFT_STANDARD_LIBRARIES = YES;
				CODE_SIGN_STYLE = Automatic;
				DEVELOPMENT_TEAM = HGA4995V4J;
				INFOPLIST_FILE = YYImageStitchingUITests/Info.plist;
				LD_RUNPATH_SEARCH_PATHS = "$(inherited) @executable_path/Frameworks @loader_path/Frameworks";
				PRODUCT_BUNDLE_IDENTIFIER = JN.PuXin.YYImageStitchingUITests;
				PRODUCT_NAME = "$(TARGET_NAME)";
				SWIFT_VERSION = 4.0;
				TARGETED_DEVICE_FAMILY = "1,2";
				TEST_TARGET_NAME = YYImageStitching;
			};
			name = Release;
		};
/* End XCBuildConfiguration section */

/* Begin XCConfigurationList section */
		DC64BBF8205FB88B003E204E /* Build configuration list for PBXProject "YYImageStitching" */ = {
			isa = XCConfigurationList;
			buildConfigurations = (
				DC64BC23205FB88B003E204E /* Debug */,
				DC64BC24205FB88B003E204E /* Release */,
			);
			defaultConfigurationIsVisible = 0;
			defaultConfigurationName = Release;
		};
		DC64BC25205FB88B003E204E /* Build configuration list for PBXNativeTarget "YYImageStitching" */ = {
			isa = XCConfigurationList;
			buildConfigurations = (
				DC64BC26205FB88B003E204E /* Debug */,
				DC64BC27205FB88B003E204E /* Release */,
			);
			defaultConfigurationIsVisible = 0;
			defaultConfigurationName = Release;
		};
		DC64BC28205FB88B003E204E /* Build configuration list for PBXNativeTarget "YYImageStitchingTests" */ = {
			isa = XCConfigurationList;
			buildConfigurations = (
				DC64BC29205FB88B003E204E /* Debug */,
				DC64BC2A205FB88B003E204E /* Release */,
			);
			defaultConfigurationIsVisible = 0;
			defaultConfigurationName = Release;
		};
		DC64BC2B205FB88B003E204E /* Build configuration list for PBXNativeTarget "YYImageStitchingUITests" */ = {
			isa = XCConfigurationList;
			buildConfigurations = (
				DC64BC2C205FB88B003E204E /* Debug */,
				DC64BC2D205FB88B003E204E /* Release */,
			);
			defaultConfigurationIsVisible = 0;
			defaultConfigurationName = Release;
		};
/* End XCConfigurationList section */
	};
	rootObject = DC64BBF5205FB88B003E204E /* Project object */;
}
