// !$*UTF8*$!
{
	archiveVersion = 1;
	classes = {
	};
	objectVersion = 48;
	objects = {

/* Begin PBXBuildFile section */
		DC1623A9206C9860007AFA13 /* UIView+Layout.swift in Sources */ = {isa = PBXBuildFile; fileRef = DC1623A8206C9860007AFA13 /* UIView+Layout.swift */; };
		DC1623AF206CD0E2007AFA13 /* UIView+XIB_Layer.swift in Sources */ = {isa = PBXBuildFile; fileRef = DC1623AE206CD0E2007AFA13 /* UIView+XIB_Layer.swift */; };
		DC229C7620639FB900F45C8C /* ScrollView+PlaceHolder.swift in Sources */ = {isa = PBXBuildFile; fileRef = DC229C7520639FB900F45C8C /* ScrollView+PlaceHolder.swift */; };
		DC292AC22069E8A5004A989B /* UIDevice+Extension.swift in Sources */ = {isa = PBXBuildFile; fileRef = DC292AC12069E8A5004A989B /* UIDevice+Extension.swift */; };
		DC64BC06205FB88B003E204E /* Main.storyboard in Resources */ = {isa = PBXBuildFile; fileRef = DC64BC04205FB88B003E204E /* Main.storyboard */; };
		DC64BC08205FB88B003E204E /* Assets.xcassets in Resources */ = {isa = PBXBuildFile; fileRef = DC64BC07205FB88B003E204E /* Assets.xcassets */; };
		DC64BC0B205FB88B003E204E /* LaunchScreen.storyboard in Resources */ = {isa = PBXBuildFile; fileRef = DC64BC09205FB88B003E204E /* LaunchScreen.storyboard */; };
		DC64BC16205FB88B003E204E /* YYImageStitchingTests.swift in Sources */ = {isa = PBXBuildFile; fileRef = DC64BC15205FB88B003E204E /* YYImageStitchingTests.swift */; };
		DC64BC21205FB88B003E204E /* YYImageStitchingUITests.swift in Sources */ = {isa = PBXBuildFile; fileRef = DC64BC20205FB88B003E204E /* YYImageStitchingUITests.swift */; };
		DC64BC36205FC134003E204E /* UIColor+Extension.swift in Sources */ = {isa = PBXBuildFile; fileRef = DC64BC35205FC134003E204E /* UIColor+Extension.swift */; };
		DC64BC38205FC165003E204E /* String+Extension.swift in Sources */ = {isa = PBXBuildFile; fileRef = DC64BC37205FC165003E204E /* String+Extension.swift */; };
		DC64BC3A205FC1A0003E204E /* UIImage+Extension.swift in Sources */ = {isa = PBXBuildFile; fileRef = DC64BC39205FC1A0003E204E /* UIImage+Extension.swift */; };
		DC862EB0206DD51D00B7926F /* UIView+LoadView.swift in Sources */ = {isa = PBXBuildFile; fileRef = DC862EAF206DD51D00B7926F /* UIView+LoadView.swift */; };
		DC862EB2206DD58E00B7926F /* NSObject+Extension.swift in Sources */ = {isa = PBXBuildFile; fileRef = DC862EB1206DD58E00B7926F /* NSObject+Extension.swift */; };
		DC862EB4206DD68F00B7926F /* UIView+Frame.swift in Sources */ = {isa = PBXBuildFile; fileRef = DC862EB3206DD68F00B7926F /* UIView+Frame.swift */; };
		DC862EE5206DDAFA00B7926F /* AppDelegate.swift in Sources */ = {isa = PBXBuildFile; fileRef = DC862EBA206DDAF900B7926F /* AppDelegate.swift */; };
		DC862EE6206DDAFA00B7926F /* YYBaseCollectionViewController.swift in Sources */ = {isa = PBXBuildFile; fileRef = DC862EBC206DDAF900B7926F /* YYBaseCollectionViewController.swift */; };
		DC862EE7206DDAFA00B7926F /* YYMovingViewController.swift in Sources */ = {isa = PBXBuildFile; fileRef = DC862EBD206DDAF900B7926F /* YYMovingViewController.swift */; };
		DC862EE8206DDAFA00B7926F /* YYPickerImageViewController.swift in Sources */ = {isa = PBXBuildFile; fileRef = DC862EBE206DDAF900B7926F /* YYPickerImageViewController.swift */; };
		DC862EE9206DDAFA00B7926F /* YYRootViewController.swift in Sources */ = {isa = PBXBuildFile; fileRef = DC862EBF206DDAF900B7926F /* YYRootViewController.swift */; };
		DC862EEA206DDAFA00B7926F /* YYScaleViewController.swift in Sources */ = {isa = PBXBuildFile; fileRef = DC862EC0206DDAF900B7926F /* YYScaleViewController.swift */; };
		DC862EEB206DDAFA00B7926F /* YYStitchingViewController.swift in Sources */ = {isa = PBXBuildFile; fileRef = DC862EC1206DDAF900B7926F /* YYStitchingViewController.swift */; };
		DC862EEC206DDAFA00B7926F /* YYImageModel.swift in Sources */ = {isa = PBXBuildFile; fileRef = DC862EC3206DDAF900B7926F /* YYImageModel.swift */; };
		DC862EED206DDAFA00B7926F /* YYClipBorderView.swift in Sources */ = {isa = PBXBuildFile; fileRef = DC862EC6206DDAF900B7926F /* YYClipBorderView.swift */; };
		DC862EEE206DDAFA00B7926F /* YYClipImageView.swift in Sources */ = {isa = PBXBuildFile; fileRef = DC862EC7206DDAF900B7926F /* YYClipImageView.swift */; };
		DC862EEF206DDAFA00B7926F /* YYClipView.swift in Sources */ = {isa = PBXBuildFile; fileRef = DC862EC8206DDAF900B7926F /* YYClipView.swift */; };
		DC862EF0206DDAFA00B7926F /* YYEmptyView.swift in Sources */ = {isa = PBXBuildFile; fileRef = DC862ECA206DDAF900B7926F /* YYEmptyView.swift */; };
		DC862EF1206DDAFA00B7926F /* YYEmptyView.xib in Resources */ = {isa = PBXBuildFile; fileRef = DC862ECB206DDAF900B7926F /* YYEmptyView.xib */; };
		DC862EF2206DDAFA00B7926F /* YYNavigationView.swift in Sources */ = {isa = PBXBuildFile; fileRef = DC862ECD206DDAF900B7926F /* YYNavigationView.swift */; };
		DC862EF3206DDAFA00B7926F /* YYNavigationView.xib in Resources */ = {isa = PBXBuildFile; fileRef = DC862ECE206DDAF900B7926F /* YYNavigationView.xib */; };
		DC862EF4206DDAFA00B7926F /* YYProgressView.swift in Sources */ = {isa = PBXBuildFile; fileRef = DC862ED0206DDAF900B7926F /* YYProgressView.swift */; };
		DC862EF5206DDAFA00B7926F /* YYAlertToolsView.swift in Sources */ = {isa = PBXBuildFile; fileRef = DC862ED2206DDAF900B7926F /* YYAlertToolsView.swift */; };
		DC862EF6206DDAFA00B7926F /* YYAlertToolsView.xib in Resources */ = {isa = PBXBuildFile; fileRef = DC862ED3206DDAF900B7926F /* YYAlertToolsView.xib */; };
		DC862EF7206DDAFA00B7926F /* YYBorderToolsView.swift in Sources */ = {isa = PBXBuildFile; fileRef = DC862ED4206DDAF900B7926F /* YYBorderToolsView.swift */; };
		DC862EF8206DDAFA00B7926F /* YYBorderToolsView.xib in Resources */ = {isa = PBXBuildFile; fileRef = DC862ED5206DDAF900B7926F /* YYBorderToolsView.xib */; };
		DC862EF9206DDAFA00B7926F /* YYMovingCell.swift in Sources */ = {isa = PBXBuildFile; fileRef = DC862ED7206DDAF900B7926F /* YYMovingCell.swift */; };
		DC862EFA206DDAFA00B7926F /* YYMovingCell.xib in Resources */ = {isa = PBXBuildFile; fileRef = DC862ED8206DDAF900B7926F /* YYMovingCell.xib */; };
		DC862EFB206DDAFA00B7926F /* YYScaleMovingCell.swift in Sources */ = {isa = PBXBuildFile; fileRef = DC862ED9206DDAF900B7926F /* YYScaleMovingCell.swift */; };
		DC862EFC206DDAFA00B7926F /* YYScaleMovingCell.xib in Resources */ = {isa = PBXBuildFile; fileRef = DC862EDA206DDAF900B7926F /* YYScaleMovingCell.xib */; };
		DC862EFD206DDAFA00B7926F /* YYStitchingCell.swift in Sources */ = {isa = PBXBuildFile; fileRef = DC862EDB206DDAF900B7926F /* YYStitchingCell.swift */; };
		DC862EFE206DDAFA00B7926F /* YYStitchingCell.xib in Resources */ = {isa = PBXBuildFile; fileRef = DC862EDC206DDAF900B7926F /* YYStitchingCell.xib */; };
		DC862EFF206DDAFA00B7926F /* YYMovingFlowLayout.swift in Sources */ = {isa = PBXBuildFile; fileRef = DC862EDE206DDAFA00B7926F /* YYMovingFlowLayout.swift */; };
		DC862F00206DDAFA00B7926F /* YYRootFlowLayout.swift in Sources */ = {isa = PBXBuildFile; fileRef = DC862EDF206DDAFA00B7926F /* YYRootFlowLayout.swift */; };
		DC862F01206DDAFA00B7926F /* YYStitchingFlowLayout.swift in Sources */ = {isa = PBXBuildFile; fileRef = DC862EE0206DDAFA00B7926F /* YYStitchingFlowLayout.swift */; };
		DC862F02206DDAFA00B7926F /* 5.jpg in Resources */ = {isa = PBXBuildFile; fileRef = DC862EE2206DDAFA00B7926F /* 5.jpg */; };
		DC862F03206DDAFA00B7926F /* download.plist in Resources */ = {isa = PBXBuildFile; fileRef = DC862EE3206DDAFA00B7926F /* download.plist */; };
		DC862F04206DDAFA00B7926F /* img_default.png in Resources */ = {isa = PBXBuildFile; fileRef = DC862EE4206DDAFA00B7926F /* img_default.png */; };
		DCC06504206B82EF009DD6D9 /* UIView+Shot.swift in Sources */ = {isa = PBXBuildFile; fileRef = DCC06503206B82EF009DD6D9 /* UIView+Shot.swift */; };
		DCCB54FF206A1D240024F22B /* Array+Extension.swift in Sources */ = {isa = PBXBuildFile; fileRef = DCCB54FE206A1D240024F22B /* Array+Extension.swift */; };
		DCF7465B206A17BB00C487B6 /* UIImageView+Extension.swift in Sources */ = {isa = PBXBuildFile; fileRef = DCF7465A206A17BB00C487B6 /* UIImageView+Extension.swift */; };
		DCF7465D206A188900C487B6 /* CGSize+Extension.swift in Sources */ = {isa = PBXBuildFile; fileRef = DCF7465C206A188800C487B6 /* CGSize+Extension.swift */; };
/* End PBXBuildFile section */

/* Begin PBXContainerItemProxy section */
		DC64BC12205FB88B003E204E /* PBXContainerItemProxy */ = {
			isa = PBXContainerItemProxy;
			containerPortal = DC64BBF5205FB88B003E204E /* Project object */;
			proxyType = 1;
			remoteGlobalIDString = DC64BBFC205FB88B003E204E;
			remoteInfo = YYImageStitching;
		};
		DC64BC1D205FB88B003E204E /* PBXContainerItemProxy */ = {
			isa = PBXContainerItemProxy;
			containerPortal = DC64BBF5205FB88B003E204E /* Project object */;
			proxyType = 1;
			remoteGlobalIDString = DC64BBFC205FB88B003E204E;
			remoteInfo = YYImageStitching;
		};
/* End PBXContainerItemProxy section */

/* Begin PBXFileReference section */
		DC1623A8206C9860007AFA13 /* UIView+Layout.swift */ = {isa = PBXFileReference; lastKnownFileType = sourcecode.swift; path = "UIView+Layout.swift"; sourceTree = "<group>"; };
		DC1623AE206CD0E2007AFA13 /* UIView+XIB_Layer.swift */ = {isa = PBXFileReference; lastKnownFileType = sourcecode.swift; path = "UIView+XIB_Layer.swift"; sourceTree = "<group>"; };
		DC229C7520639FB900F45C8C /* ScrollView+PlaceHolder.swift */ = {isa = PBXFileReference; fileEncoding = 4; lastKnownFileType = sourcecode.swift; path = "ScrollView+PlaceHolder.swift"; sourceTree = "<group>"; };
		DC292AC12069E8A5004A989B /* UIDevice+Extension.swift */ = {isa = PBXFileReference; fileEncoding = 4; lastKnownFileType = sourcecode.swift; path = "UIDevice+Extension.swift"; sourceTree = "<group>"; };
		DC64BBFD205FB88B003E204E /* YYImageStitching.app */ = {isa = PBXFileReference; explicitFileType = wrapper.application; includeInIndex = 0; path = YYImageStitching.app; sourceTree = BUILT_PRODUCTS_DIR; };
		DC64BC05205FB88B003E204E /* Base */ = {isa = PBXFileReference; lastKnownFileType = file.storyboard; name = Base; path = Base.lproj/Main.storyboard; sourceTree = "<group>"; };
		DC64BC07205FB88B003E204E /* Assets.xcassets */ = {isa = PBXFileReference; lastKnownFileType = folder.assetcatalog; path = Assets.xcassets; sourceTree = "<group>"; };
		DC64BC0A205FB88B003E204E /* Base */ = {isa = PBXFileReference; lastKnownFileType = file.storyboard; name = Base; path = Base.lproj/LaunchScreen.storyboard; sourceTree = "<group>"; };
		DC64BC0C205FB88B003E204E /* Info.plist */ = {isa = PBXFileReference; lastKnownFileType = text.plist.xml; path = Info.plist; sourceTree = "<group>"; };
		DC64BC11205FB88B003E204E /* YYImageStitchingTests.xctest */ = {isa = PBXFileReference; explicitFileType = wrapper.cfbundle; includeInIndex = 0; path = YYImageStitchingTests.xctest; sourceTree = BUILT_PRODUCTS_DIR; };
		DC64BC15205FB88B003E204E /* YYImageStitchingTests.swift */ = {isa = PBXFileReference; lastKnownFileType = sourcecode.swift; path = YYImageStitchingTests.swift; sourceTree = "<group>"; };
		DC64BC17205FB88B003E204E /* Info.plist */ = {isa = PBXFileReference; lastKnownFileType = text.plist.xml; path = Info.plist; sourceTree = "<group>"; };
		DC64BC1C205FB88B003E204E /* YYImageStitchingUITests.xctest */ = {isa = PBXFileReference; explicitFileType = wrapper.cfbundle; includeInIndex = 0; path = YYImageStitchingUITests.xctest; sourceTree = BUILT_PRODUCTS_DIR; };
		DC64BC20205FB88B003E204E /* YYImageStitchingUITests.swift */ = {isa = PBXFileReference; lastKnownFileType = sourcecode.swift; path = YYImageStitchingUITests.swift; sourceTree = "<group>"; };
		DC64BC22205FB88B003E204E /* Info.plist */ = {isa = PBXFileReference; lastKnownFileType = text.plist.xml; path = Info.plist; sourceTree = "<group>"; };
		DC64BC35205FC134003E204E /* UIColor+Extension.swift */ = {isa = PBXFileReference; fileEncoding = 4; lastKnownFileType = sourcecode.swift; path = "UIColor+Extension.swift"; sourceTree = "<group>"; };
		DC64BC37205FC165003E204E /* String+Extension.swift */ = {isa = PBXFileReference; fileEncoding = 4; lastKnownFileType = sourcecode.swift; path = "String+Extension.swift"; sourceTree = "<group>"; };
		DC64BC39205FC1A0003E204E /* UIImage+Extension.swift */ = {isa = PBXFileReference; fileEncoding = 4; lastKnownFileType = sourcecode.swift; path = "UIImage+Extension.swift"; sourceTree = "<group>"; };
		DC862EAF206DD51D00B7926F /* UIView+LoadView.swift */ = {isa = PBXFileReference; lastKnownFileType = sourcecode.swift; path = "UIView+LoadView.swift"; sourceTree = "<group>"; };
		DC862EB1206DD58E00B7926F /* NSObject+Extension.swift */ = {isa = PBXFileReference; fileEncoding = 4; lastKnownFileType = sourcecode.swift; path = "NSObject+Extension.swift"; sourceTree = "<group>"; };
		DC862EB3206DD68F00B7926F /* UIView+Frame.swift */ = {isa = PBXFileReference; lastKnownFileType = sourcecode.swift; path = "UIView+Frame.swift"; sourceTree = "<group>"; };
		DC862EBA206DDAF900B7926F /* AppDelegate.swift */ = {isa = PBXFileReference; fileEncoding = 4; lastKnownFileType = sourcecode.swift; path = AppDelegate.swift; sourceTree = "<group>"; };
		DC862EBC206DDAF900B7926F /* YYBaseCollectionViewController.swift */ = {isa = PBXFileReference; fileEncoding = 4; lastKnownFileType = sourcecode.swift; path = YYBaseCollectionViewController.swift; sourceTree = "<group>"; };
		DC862EBD206DDAF900B7926F /* YYMovingViewController.swift */ = {isa = PBXFileReference; fileEncoding = 4; lastKnownFileType = sourcecode.swift; path = YYMovingViewController.swift; sourceTree = "<group>"; };
		DC862EBE206DDAF900B7926F /* YYPickerImageViewController.swift */ = {isa = PBXFileReference; fileEncoding = 4; lastKnownFileType = sourcecode.swift; path = YYPickerImageViewController.swift; sourceTree = "<group>"; };
		DC862EBF206DDAF900B7926F /* YYRootViewController.swift */ = {isa = PBXFileReference; fileEncoding = 4; lastKnownFileType = sourcecode.swift; path = YYRootViewController.swift; sourceTree = "<group>"; };
		DC862EC0206DDAF900B7926F /* YYScaleViewController.swift */ = {isa = PBXFileReference; fileEncoding = 4; lastKnownFileType = sourcecode.swift; path = YYScaleViewController.swift; sourceTree = "<group>"; };
		DC862EC1206DDAF900B7926F /* YYStitchingViewController.swift */ = {isa = PBXFileReference; fileEncoding = 4; lastKnownFileType = sourcecode.swift; path = YYStitchingViewController.swift; sourceTree = "<group>"; };
		DC862EC3206DDAF900B7926F /* YYImageModel.swift */ = {isa = PBXFileReference; fileEncoding = 4; lastKnownFileType = sourcecode.swift; path = YYImageModel.swift; sourceTree = "<group>"; };
		DC862EC6206DDAF900B7926F /* YYClipBorderView.swift */ = {isa = PBXFileReference; fileEncoding = 4; lastKnownFileType = sourcecode.swift; path = YYClipBorderView.swift; sourceTree = "<group>"; };
		DC862EC7206DDAF900B7926F /* YYClipImageView.swift */ = {isa = PBXFileReference; fileEncoding = 4; lastKnownFileType = sourcecode.swift; path = YYClipImageView.swift; sourceTree = "<group>"; };
		DC862EC8206DDAF900B7926F /* YYClipView.swift */ = {isa = PBXFileReference; fileEncoding = 4; lastKnownFileType = sourcecode.swift; path = YYClipView.swift; sourceTree = "<group>"; };
		DC862ECA206DDAF900B7926F /* YYEmptyView.swift */ = {isa = PBXFileReference; fileEncoding = 4; lastKnownFileType = sourcecode.swift; path = YYEmptyView.swift; sourceTree = "<group>"; };
		DC862ECB206DDAF900B7926F /* YYEmptyView.xib */ = {isa = PBXFileReference; fileEncoding = 4; lastKnownFileType = file.xib; path = YYEmptyView.xib; sourceTree = "<group>"; };
		DC862ECD206DDAF900B7926F /* YYNavigationView.swift */ = {isa = PBXFileReference; fileEncoding = 4; lastKnownFileType = sourcecode.swift; path = YYNavigationView.swift; sourceTree = "<group>"; };
		DC862ECE206DDAF900B7926F /* YYNavigationView.xib */ = {isa = PBXFileReference; fileEncoding = 4; lastKnownFileType = file.xib; path = YYNavigationView.xib; sourceTree = "<group>"; };
		DC862ED0206DDAF900B7926F /* YYProgressView.swift */ = {isa = PBXFileReference; fileEncoding = 4; lastKnownFileType = sourcecode.swift; path = YYProgressView.swift; sourceTree = "<group>"; };
		DC862ED2206DDAF900B7926F /* YYAlertToolsView.swift */ = {isa = PBXFileReference; fileEncoding = 4; lastKnownFileType = sourcecode.swift; path = YYAlertToolsView.swift; sourceTree = "<group>"; };
		DC862ED3206DDAF900B7926F /* YYAlertToolsView.xib */ = {isa = PBXFileReference; fileEncoding = 4; lastKnownFileType = file.xib; path = YYAlertToolsView.xib; sourceTree = "<group>"; };
		DC862ED4206DDAF900B7926F /* YYBorderToolsView.swift */ = {isa = PBXFileReference; fileEncoding = 4; lastKnownFileType = sourcecode.swift; path = YYBorderToolsView.swift; sourceTree = "<group>"; };
		DC862ED5206DDAF900B7926F /* YYBorderToolsView.xib */ = {isa = PBXFileReference; fileEncoding = 4; lastKnownFileType = file.xib; path = YYBorderToolsView.xib; sourceTree = "<group>"; };
		DC862ED7206DDAF900B7926F /* YYMovingCell.swift */ = {isa = PBXFileReference; fileEncoding = 4; lastKnownFileType = sourcecode.swift; path = YYMovingCell.swift; sourceTree = "<group>"; };
		DC862ED8206DDAF900B7926F /* YYMovingCell.xib */ = {isa = PBXFileReference; fileEncoding = 4; lastKnownFileType = file.xib; path = YYMovingCell.xib; sourceTree = "<group>"; };
		DC862ED9206DDAF900B7926F /* YYScaleMovingCell.swift */ = {isa = PBXFileReference; fileEncoding = 4; lastKnownFileType = sourcecode.swift; path = YYScaleMovingCell.swift; sourceTree = "<group>"; };
		DC862EDA206DDAF900B7926F /* YYScaleMovingCell.xib */ = {isa = PBXFileReference; fileEncoding = 4; lastKnownFileType = file.xib; path = YYScaleMovingCell.xib; sourceTree = "<group>"; };
		DC862EDB206DDAF900B7926F /* YYStitchingCell.swift */ = {isa = PBXFileReference; fileEncoding = 4; lastKnownFileType = sourcecode.swift; path = YYStitchingCell.swift; sourceTree = "<group>"; };
		DC862EDC206DDAF900B7926F /* YYStitchingCell.xib */ = {isa = PBXFileReference; fileEncoding = 4; lastKnownFileType = file.xib; path = YYStitchingCell.xib; sourceTree = "<group>"; };
		DC862EDE206DDAFA00B7926F /* YYMovingFlowLayout.swift */ = {isa = PBXFileReference; fileEncoding = 4; lastKnownFileType = sourcecode.swift; path = YYMovingFlowLayout.swift; sourceTree = "<group>"; };
		DC862EDF206DDAFA00B7926F /* YYRootFlowLayout.swift */ = {isa = PBXFileReference; fileEncoding = 4; lastKnownFileType = sourcecode.swift; path = YYRootFlowLayout.swift; sourceTree = "<group>"; };
		DC862EE0206DDAFA00B7926F /* YYStitchingFlowLayout.swift */ = {isa = PBXFileReference; fileEncoding = 4; lastKnownFileType = sourcecode.swift; path = YYStitchingFlowLayout.swift; sourceTree = "<group>"; };
		DC862EE2206DDAFA00B7926F /* 5.jpg */ = {isa = PBXFileReference; lastKnownFileType = image.jpeg; path = 5.jpg; sourceTree = "<group>"; };
		DC862EE3206DDAFA00B7926F /* download.plist */ = {isa = PBXFileReference; fileEncoding = 4; lastKnownFileType = text.plist.xml; path = download.plist; sourceTree = "<group>"; };
		DC862EE4206DDAFA00B7926F /* img_default.png */ = {isa = PBXFileReference; lastKnownFileType = image.png; path = img_default.png; sourceTree = "<group>"; };
		DCC06503206B82EF009DD6D9 /* UIView+Shot.swift */ = {isa = PBXFileReference; lastKnownFileType = sourcecode.swift; path = "UIView+Shot.swift"; sourceTree = "<group>"; };
		DCCB54FE206A1D240024F22B /* Array+Extension.swift */ = {isa = PBXFileReference; lastKnownFileType = sourcecode.swift; path = "Array+Extension.swift"; sourceTree = "<group>"; };
		DCF7465A206A17BB00C487B6 /* UIImageView+Extension.swift */ = {isa = PBXFileReference; lastKnownFileType = sourcecode.swift; path = "UIImageView+Extension.swift"; sourceTree = "<group>"; };
		DCF7465C206A188800C487B6 /* CGSize+Extension.swift */ = {isa = PBXFileReference; lastKnownFileType = sourcecode.swift; path = "CGSize+Extension.swift"; sourceTree = "<group>"; };
/* End PBXFileReference section */

/* Begin PBXFrameworksBuildPhase section */
		DC64BBFA205FB88B003E204E /* Frameworks */ = {
			isa = PBXFrameworksBuildPhase;
			buildActionMask = 2147483647;
			files = (
			);
			runOnlyForDeploymentPostprocessing = 0;
		};
		DC64BC0E205FB88B003E204E /* Frameworks */ = {
			isa = PBXFrameworksBuildPhase;
			buildActionMask = 2147483647;
			files = (
			);
			runOnlyForDeploymentPostprocessing = 0;
		};
		DC64BC19205FB88B003E204E /* Frameworks */ = {
			isa = PBXFrameworksBuildPhase;
			buildActionMask = 2147483647;
			files = (
			);
			runOnlyForDeploymentPostprocessing = 0;
		};
/* End PBXFrameworksBuildPhase section */

/* Begin PBXGroup section */
		DC292AC9206A1175004A989B /* Extension */ = {
			isa = PBXGroup;
			children = (
				DC292AC12069E8A5004A989B /* UIDevice+Extension.swift */,
				DC229C7520639FB900F45C8C /* ScrollView+PlaceHolder.swift */,
				DC64BC39205FC1A0003E204E /* UIImage+Extension.swift */,
				DC64BC35205FC134003E204E /* UIColor+Extension.swift */,
				DC64BC37205FC165003E204E /* String+Extension.swift */,
				DCF7465A206A17BB00C487B6 /* UIImageView+Extension.swift */,
				DCF7465C206A188800C487B6 /* CGSize+Extension.swift */,
				DCCB54FE206A1D240024F22B /* Array+Extension.swift */,
				DC862EB1206DD58E00B7926F /* NSObject+Extension.swift */,
				DCC06503206B82EF009DD6D9 /* UIView+Shot.swift */,
				DC1623A8206C9860007AFA13 /* UIView+Layout.swift */,
				DC1623AE206CD0E2007AFA13 /* UIView+XIB_Layer.swift */,
				DC862EAF206DD51D00B7926F /* UIView+LoadView.swift */,
				DC862EB3206DD68F00B7926F /* UIView+Frame.swift */,
			);
			path = Extension;
			sourceTree = "<group>";
		};
		DC64BBF4205FB88B003E204E = {
			isa = PBXGroup;
			children = (
				DC64BBFF205FB88B003E204E /* YYImageStitching */,
				DC64BC14205FB88B003E204E /* YYImageStitchingTests */,
				DC64BC1F205FB88B003E204E /* YYImageStitchingUITests */,
				DC64BBFE205FB88B003E204E /* Products */,
			);
			sourceTree = "<group>";
		};
		DC64BBFE205FB88B003E204E /* Products */ = {
			isa = PBXGroup;
			children = (
				DC64BBFD205FB88B003E204E /* YYImageStitching.app */,
				DC64BC11205FB88B003E204E /* YYImageStitchingTests.xctest */,
				DC64BC1C205FB88B003E204E /* YYImageStitchingUITests.xctest */,
			);
			name = Products;
			sourceTree = "<group>";
		};
		DC64BBFF205FB88B003E204E /* YYImageStitching */ = {
			isa = PBXGroup;
			children = (
				DC64BC2E205FBF51003E204E /* Stitching */,
				DC64BC04205FB88B003E204E /* Main.storyboard */,
				DC64BC07205FB88B003E204E /* Assets.xcassets */,
				DC64BC09205FB88B003E204E /* LaunchScreen.storyboard */,
				DC64BC0C205FB88B003E204E /* Info.plist */,
			);
			path = YYImageStitching;
			sourceTree = "<group>";
		};
		DC64BC14205FB88B003E204E /* YYImageStitchingTests */ = {
			isa = PBXGroup;
			children = (
				DC64BC15205FB88B003E204E /* YYImageStitchingTests.swift */,
				DC64BC17205FB88B003E204E /* Info.plist */,
			);
			path = YYImageStitchingTests;
			sourceTree = "<group>";
		};
		DC64BC1F205FB88B003E204E /* YYImageStitchingUITests */ = {
			isa = PBXGroup;
			children = (
				DC64BC20205FB88B003E204E /* YYImageStitchingUITests.swift */,
				DC64BC22205FB88B003E204E /* Info.plist */,
			);
			path = YYImageStitchingUITests;
			sourceTree = "<group>";
		};
		DC64BC2E205FBF51003E204E /* Stitching */ = {
			isa = PBXGroup;
			children = (
				DC862ED6206DDAF900B7926F /* Cell */,
				DC862EDD206DDAFA00B7926F /* Layout */,
				DC862EC2206DDAF900B7926F /* Model */,
				DC862EB9206DDAF900B7926F /* Other */,
				DC862EE1206DDAFA00B7926F /* Source */,
				DC862EBB206DDAF900B7926F /* VC */,
				DC862EC4206DDAF900B7926F /* View */,
				DC292AC9206A1175004A989B /* Extension */,
			);
			path = Stitching;
			sourceTree = "<group>";
		};
		DC862EB9206DDAF900B7926F /* Other */ = {
			isa = PBXGroup;
			children = (
				DC862EBA206DDAF900B7926F /* AppDelegate.swift */,
			);
			path = Other;
			sourceTree = "<group>";
		};
		DC862EBB206DDAF900B7926F /* VC */ = {
			isa = PBXGroup;
			children = (
				DC862EBC206DDAF900B7926F /* YYBaseCollectionViewController.swift */,
				DC862EBD206DDAF900B7926F /* YYMovingViewController.swift */,
				DC862EBE206DDAF900B7926F /* YYPickerImageViewController.swift */,
				DC862EBF206DDAF900B7926F /* YYRootViewController.swift */,
				DC862EC0206DDAF900B7926F /* YYScaleViewController.swift */,
				DC862EC1206DDAF900B7926F /* YYStitchingViewController.swift */,
			);
			path = VC;
			sourceTree = "<group>";
		};
		DC862EC2206DDAF900B7926F /* Model */ = {
			isa = PBXGroup;
			children = (
				DC862EC3206DDAF900B7926F /* YYImageModel.swift */,
			);
			path = Model;
			sourceTree = "<group>";
		};
		DC862EC4206DDAF900B7926F /* View */ = {
			isa = PBXGroup;
			children = (
				DC862EC5206DDAF900B7926F /* Clip */,
				DC862EC9206DDAF900B7926F /* Empty */,
				DC862ECC206DDAF900B7926F /* Navigation */,
				DC862ECF206DDAF900B7926F /* Progress */,
				DC862ED1206DDAF900B7926F /* Tool */,
			);
			path = View;
			sourceTree = "<group>";
		};
		DC862EC5206DDAF900B7926F /* Clip */ = {
			isa = PBXGroup;
			children = (
				DC862EC6206DDAF900B7926F /* YYClipBorderView.swift */,
				DC862EC7206DDAF900B7926F /* YYClipImageView.swift */,
				DC862EC8206DDAF900B7926F /* YYClipView.swift */,
			);
			path = Clip;
			sourceTree = "<group>";
		};
		DC862EC9206DDAF900B7926F /* Empty */ = {
			isa = PBXGroup;
			children = (
				DC862ECA206DDAF900B7926F /* YYEmptyView.swift */,
				DC862ECB206DDAF900B7926F /* YYEmptyView.xib */,
			);
			path = Empty;
			sourceTree = "<group>";
		};
		DC862ECC206DDAF900B7926F /* Navigation */ = {
			isa = PBXGroup;
			children = (
				DC862ECD206DDAF900B7926F /* YYNavigationView.swift */,
				DC862ECE206DDAF900B7926F /* YYNavigationView.xib */,
			);
			path = Navigation;
			sourceTree = "<group>";
		};
		DC862ECF206DDAF900B7926F /* Progress */ = {
			isa = PBXGroup;
			children = (
				DC862ED0206DDAF900B7926F /* YYProgressView.swift */,
			);
			path = Progress;
			sourceTree = "<group>";
		};
		DC862ED1206DDAF900B7926F /* Tool */ = {
			isa = PBXGroup;
			children = (
				DC862ED2206DDAF900B7926F /* YYAlertToolsView.swift */,
				DC862ED3206DDAF900B7926F /* YYAlertToolsView.xib */,
				DC862ED4206DDAF900B7926F /* YYBorderToolsView.swift */,
				DC862ED5206DDAF900B7926F /* YYBorderToolsView.xib */,
			);
			path = Tool;
			sourceTree = "<group>";
		};
		DC862ED6206DDAF900B7926F /* Cell */ = {
			isa = PBXGroup;
			children = (
				DC862ED7206DDAF900B7926F /* YYMovingCell.swift */,
				DC862ED8206DDAF900B7926F /* YYMovingCell.xib */,
				DC862ED9206DDAF900B7926F /* YYScaleMovingCell.swift */,
				DC862EDA206DDAF900B7926F /* YYScaleMovingCell.xib */,
				DC862EDB206DDAF900B7926F /* YYStitchingCell.swift */,
				DC862EDC206DDAF900B7926F /* YYStitchingCell.xib */,
			);
			path = Cell;
			sourceTree = "<group>";
		};
		DC862EDD206DDAFA00B7926F /* Layout */ = {
			isa = PBXGroup;
			children = (
				DC862EDE206DDAFA00B7926F /* YYMovingFlowLayout.swift */,
				DC862EDF206DDAFA00B7926F /* YYRootFlowLayout.swift */,
				DC862EE0206DDAFA00B7926F /* YYStitchingFlowLayout.swift */,
			);
			path = Layout;
			sourceTree = "<group>";
		};
		DC862EE1206DDAFA00B7926F /* Source */ = {
			isa = PBXGroup;
			children = (
				DC862EE2206DDAFA00B7926F /* 5.jpg */,
				DC862EE3206DDAFA00B7926F /* download.plist */,
				DC862EE4206DDAFA00B7926F /* img_default.png */,
			);
			path = Source;
			sourceTree = "<group>";
		};
/* End PBXGroup section */

/* Begin PBXNativeTarget section */
		DC64BBFC205FB88B003E204E /* YYImageStitching */ = {
			isa = PBXNativeTarget;
			buildConfigurationList = DC64BC25205FB88B003E204E /* Build configuration list for PBXNativeTarget "YYImageStitching" */;
			buildPhases = (
				DC64BBF9205FB88B003E204E /* Sources */,
				DC64BBFA205FB88B003E204E /* Frameworks */,
				DC64BBFB205FB88B003E204E /* Resources */,
			);
			buildRules = (
			);
			dependencies = (
			);
			name = YYImageStitching;
			productName = YYImageStitching;
			productReference = DC64BBFD205FB88B003E204E /* YYImageStitching.app */;
			productType = "com.apple.product-type.application";
		};
		DC64BC10205FB88B003E204E /* YYImageStitchingTests */ = {
			isa = PBXNativeTarget;
			buildConfigurationList = DC64BC28205FB88B003E204E /* Build configuration list for PBXNativeTarget "YYImageStitchingTests" */;
			buildPhases = (
				DC64BC0D205FB88B003E204E /* Sources */,
				DC64BC0E205FB88B003E204E /* Frameworks */,
				DC64BC0F205FB88B003E204E /* Resources */,
			);
			buildRules = (
			);
			dependencies = (
				DC64BC13205FB88B003E204E /* PBXTargetDependency */,
			);
			name = YYImageStitchingTests;
			productName = YYImageStitchingTests;
			productReference = DC64BC11205FB88B003E204E /* YYImageStitchingTests.xctest */;
			productType = "com.apple.product-type.bundle.unit-test";
		};
		DC64BC1B205FB88B003E204E /* YYImageStitchingUITests */ = {
			isa = PBXNativeTarget;
			buildConfigurationList = DC64BC2B205FB88B003E204E /* Build configuration list for PBXNativeTarget "YYImageStitchingUITests" */;
			buildPhases = (
				DC64BC18205FB88B003E204E /* Sources */,
				DC64BC19205FB88B003E204E /* Frameworks */,
				DC64BC1A205FB88B003E204E /* Resources */,
			);
			buildRules = (
			);
			dependencies = (
				DC64BC1E205FB88B003E204E /* PBXTargetDependency */,
			);
			name = YYImageStitchingUITests;
			productName = YYImageStitchingUITests;
			productReference = DC64BC1C205FB88B003E204E /* YYImageStitchingUITests.xctest */;
			productType = "com.apple.product-type.bundle.ui-testing";
		};
/* End PBXNativeTarget section */

/* Begin PBXProject section */
		DC64BBF5205FB88B003E204E /* Project object */ = {
			isa = PBXProject;
			attributes = {
				LastSwiftUpdateCheck = 0920;
				LastUpgradeCheck = 0920;
				ORGANIZATIONNAME = "侯佳男";
				TargetAttributes = {
					DC64BBFC205FB88B003E204E = {
						CreatedOnToolsVersion = 9.2;
						ProvisioningStyle = Automatic;
					};
					DC64BC10205FB88B003E204E = {
						CreatedOnToolsVersion = 9.2;
						ProvisioningStyle = Automatic;
						TestTargetID = DC64BBFC205FB88B003E204E;
					};
					DC64BC1B205FB88B003E204E = {
						CreatedOnToolsVersion = 9.2;
						ProvisioningStyle = Automatic;
						TestTargetID = DC64BBFC205FB88B003E204E;
					};
				};
			};
			buildConfigurationList = DC64BBF8205FB88B003E204E /* Build configuration list for PBXProject "YYImageStitching" */;
			compatibilityVersion = "Xcode 8.0";
			developmentRegion = en;
			hasScannedForEncodings = 0;
			knownRegions = (
				en,
				Base,
			);
			mainGroup = DC64BBF4205FB88B003E204E;
			productRefGroup = DC64BBFE205FB88B003E204E /* Products */;
			projectDirPath = "";
			projectRoot = "";
			targets = (
				DC64BBFC205FB88B003E204E /* YYImageStitching */,
				DC64BC10205FB88B003E204E /* YYImageStitchingTests */,
				DC64BC1B205FB88B003E204E /* YYImageStitchingUITests */,
			);
		};
/* End PBXProject section */

/* Begin PBXResourcesBuildPhase section */
		DC64BBFB205FB88B003E204E /* Resources */ = {
			isa = PBXResourcesBuildPhase;
			buildActionMask = 2147483647;
			files = (
				DC862F02206DDAFA00B7926F /* 5.jpg in Resources */,
				DC862EF1206DDAFA00B7926F /* YYEmptyView.xib in Resources */,
				DC862EF6206DDAFA00B7926F /* YYAlertToolsView.xib in Resources */,
				DC862EFC206DDAFA00B7926F /* YYScaleMovingCell.xib in Resources */,
				DC862F03206DDAFA00B7926F /* download.plist in Resources */,
				DC862EF8206DDAFA00B7926F /* YYBorderToolsView.xib in Resources */,
				DC862F04206DDAFA00B7926F /* img_default.png in Resources */,
				DC862EFA206DDAFA00B7926F /* YYMovingCell.xib in Resources */,
				DC862EFE206DDAFA00B7926F /* YYStitchingCell.xib in Resources */,
				DC64BC0B205FB88B003E204E /* LaunchScreen.storyboard in Resources */,
				DC862EF3206DDAFA00B7926F /* YYNavigationView.xib in Resources */,
				DC64BC08205FB88B003E204E /* Assets.xcassets in Resources */,
				DC64BC06205FB88B003E204E /* Main.storyboard in Resources */,
			);
			runOnlyForDeploymentPostprocessing = 0;
		};
		DC64BC0F205FB88B003E204E /* Resources */ = {
			isa = PBXResourcesBuildPhase;
			buildActionMask = 2147483647;
			files = (
			);
			runOnlyForDeploymentPostprocessing = 0;
		};
		DC64BC1A205FB88B003E204E /* Resources */ = {
			isa = PBXResourcesBuildPhase;
			buildActionMask = 2147483647;
			files = (
			);
			runOnlyForDeploymentPostprocessing = 0;
		};
/* End PBXResourcesBuildPhase section */

/* Begin PBXSourcesBuildPhase section */
		DC64BBF9205FB88B003E204E /* Sources */ = {
			isa = PBXSourcesBuildPhase;
			buildActionMask = 2147483647;
			files = (
				DC862F00206DDAFA00B7926F /* YYRootFlowLayout.swift in Sources */,
				DC862EFD206DDAFA00B7926F /* YYStitchingCell.swift in Sources */,
				DC862EF5206DDAFA00B7926F /* YYAlertToolsView.swift in Sources */,
				DC229C7620639FB900F45C8C /* ScrollView+PlaceHolder.swift in Sources */,
				DC862EEB206DDAFA00B7926F /* YYStitchingViewController.swift in Sources */,
				DC1623AF206CD0E2007AFA13 /* UIView+XIB_Layer.swift in Sources */,
				DC862EF7206DDAFA00B7926F /* YYBorderToolsView.swift in Sources */,
				DC862EED206DDAFA00B7926F /* YYClipBorderView.swift in Sources */,
				DCCB54FF206A1D240024F22B /* Array+Extension.swift in Sources */,
				DC862EE5206DDAFA00B7926F /* AppDelegate.swift in Sources */,
				DC862EB4206DD68F00B7926F /* UIView+Frame.swift in Sources */,
				DC862EB2206DD58E00B7926F /* NSObject+Extension.swift in Sources */,
				DC862EEF206DDAFA00B7926F /* YYClipView.swift in Sources */,
				DC862EF4206DDAFA00B7926F /* YYProgressView.swift in Sources */,
				DC862EF9206DDAFA00B7926F /* YYMovingCell.swift in Sources */,
				DC862EEE206DDAFA00B7926F /* YYClipImageView.swift in Sources */,
				DC64BC3A205FC1A0003E204E /* UIImage+Extension.swift in Sources */,
				DC862EE6206DDAFA00B7926F /* YYBaseCollectionViewController.swift in Sources */,
				DC862EE8206DDAFA00B7926F /* YYPickerImageViewController.swift in Sources */,
				DC862F01206DDAFA00B7926F /* YYStitchingFlowLayout.swift in Sources */,
				DC1623A9206C9860007AFA13 /* UIView+Layout.swift in Sources */,
				DC862EEC206DDAFA00B7926F /* YYImageModel.swift in Sources */,
				DCC06504206B82EF009DD6D9 /* UIView+Shot.swift in Sources */,
				DC862EEA206DDAFA00B7926F /* YYScaleViewController.swift in Sources */,
				DC862EE9206DDAFA00B7926F /* YYRootViewController.swift in Sources */,
				DC862EF0206DDAFA00B7926F /* YYEmptyView.swift in Sources */,
				DC292AC22069E8A5004A989B /* UIDevice+Extension.swift in Sources */,
				DCF7465B206A17BB00C487B6 /* UIImageView+Extension.swift in Sources */,
				DC862EF2206DDAFA00B7926F /* YYNavigationView.swift in Sources */,
				DCF7465D206A188900C487B6 /* CGSize+Extension.swift in Sources */,
				DC862EB0206DD51D00B7926F /* UIView+LoadView.swift in Sources */,
				DC862EFB206DDAFA00B7926F /* YYScaleMovingCell.swift in Sources */,
				DC64BC38205FC165003E204E /* String+Extension.swift in Sources */,
				DC862EFF206DDAFA00B7926F /* YYMovingFlowLayout.swift in Sources */,
				DC862EE7206DDAFA00B7926F /* YYMovingViewController.swift in Sources */,
				DC64BC36205FC134003E204E /* UIColor+Extension.swift in Sources */,
			);
			runOnlyForDeploymentPostprocessing = 0;
		};
		DC64BC0D205FB88B003E204E /* Sources */ = {
			isa = PBXSourcesBuildPhase;
			buildActionMask = 2147483647;
			files = (
				DC64BC16205FB88B003E204E /* YYImageStitchingTests.swift in Sources */,
			);
			runOnlyForDeploymentPostprocessing = 0;
		};
		DC64BC18205FB88B003E204E /* Sources */ = {
			isa = PBXSourcesBuildPhase;
			buildActionMask = 2147483647;
			files = (
				DC64BC21205FB88B003E204E /* YYImageStitchingUITests.swift in Sources */,
			);
			runOnlyForDeploymentPostprocessing = 0;
		};
/* End PBXSourcesBuildPhase section */

/* Begin PBXTargetDependency section */
		DC64BC13205FB88B003E204E /* PBXTargetDependency */ = {
			isa = PBXTargetDependency;
			target = DC64BBFC205FB88B003E204E /* YYImageStitching */;
			targetProxy = DC64BC12205FB88B003E204E /* PBXContainerItemProxy */;
		};
		DC64BC1E205FB88B003E204E /* PBXTargetDependency */ = {
			isa = PBXTargetDependency;
			target = DC64BBFC205FB88B003E204E /* YYImageStitching */;
			targetProxy = DC64BC1D205FB88B003E204E /* PBXContainerItemProxy */;
		};
/* End PBXTargetDependency section */

/* Begin PBXVariantGroup section */
		DC64BC04205FB88B003E204E /* Main.storyboard */ = {
			isa = PBXVariantGroup;
			children = (
				DC64BC05205FB88B003E204E /* Base */,
			);
			name = Main.storyboard;
			sourceTree = "<group>";
		};
		DC64BC09205FB88B003E204E /* LaunchScreen.storyboard */ = {
			isa = PBXVariantGroup;
			children = (
				DC64BC0A205FB88B003E204E /* Base */,
			);
			name = LaunchScreen.storyboard;
			sourceTree = "<group>";
		};
/* End PBXVariantGroup section */

/* Begin XCBuildConfiguration section */
		DC64BC23205FB88B003E204E /* Debug */ = {
			isa = XCBuildConfiguration;
			buildSettings = {
				ALWAYS_SEARCH_USER_PATHS = NO;
				CLANG_ANALYZER_NONNULL = YES;
				CLANG_ANALYZER_NUMBER_OBJECT_CONVERSION = YES_AGGRESSIVE;
				CLANG_CXX_LANGUAGE_STANDARD = "gnu++14";
				CLANG_CXX_LIBRARY = "libc++";
				CLANG_ENABLE_MODULES = YES;
				CLANG_ENABLE_OBJC_ARC = YES;
				CLANG_WARN_BLOCK_CAPTURE_AUTORELEASING = YES;
				CLANG_WARN_BOOL_CONVERSION = YES;
				CLANG_WARN_COMMA = YES;
				CLANG_WARN_CONSTANT_CONVERSION = YES;
				CLANG_WARN_DIRECT_OBJC_ISA_USAGE = YES_ERROR;
				CLANG_WARN_DOCUMENTATION_COMMENTS = YES;
				CLANG_WARN_EMPTY_BODY = YES;
				CLANG_WARN_ENUM_CONVERSION = YES;
				CLANG_WARN_INFINITE_RECURSION = YES;
				CLANG_WARN_INT_CONVERSION = YES;
				CLANG_WARN_NON_LITERAL_NULL_CONVERSION = YES;
				CLANG_WARN_OBJC_LITERAL_CONVERSION = YES;
				CLANG_WARN_OBJC_ROOT_CLASS = YES_ERROR;
				CLANG_WARN_RANGE_LOOP_ANALYSIS = YES;
				CLANG_WARN_STRICT_PROTOTYPES = YES;
				CLANG_WARN_SUSPICIOUS_MOVE = YES;
				CLANG_WARN_UNGUARDED_AVAILABILITY = YES_AGGRESSIVE;
				CLANG_WARN_UNREACHABLE_CODE = YES;
				CLANG_WARN__DUPLICATE_METHOD_MATCH = YES;
				CODE_SIGN_IDENTITY = "iPhone Developer";
				COPY_PHASE_STRIP = NO;
				DEBUG_INFORMATION_FORMAT = dwarf;
				ENABLE_STRICT_OBJC_MSGSEND = YES;
				ENABLE_TESTABILITY = YES;
				GCC_C_LANGUAGE_STANDARD = gnu11;
				GCC_DYNAMIC_NO_PIC = NO;
				GCC_NO_COMMON_BLOCKS = YES;
				GCC_OPTIMIZATION_LEVEL = 0;
				GCC_PREPROCESSOR_DEFINITIONS = (
					"DEBUG=1",
					"$(inherited)",
				);
				GCC_WARN_64_TO_32_BIT_CONVERSION = YES;
				GCC_WARN_ABOUT_RETURN_TYPE = YES_ERROR;
				GCC_WARN_UNDECLARED_SELECTOR = YES;
				GCC_WARN_UNINITIALIZED_AUTOS = YES_AGGRESSIVE;
				GCC_WARN_UNUSED_FUNCTION = YES;
				GCC_WARN_UNUSED_VARIABLE = YES;
				IPHONEOS_DEPLOYMENT_TARGET = 9.0;
				MTL_ENABLE_DEBUG_INFO = YES;
				ONLY_ACTIVE_ARCH = YES;
				SDKROOT = iphoneos;
				SWIFT_ACTIVE_COMPILATION_CONDITIONS = DEBUG;
				SWIFT_OPTIMIZATION_LEVEL = "-Onone";
			};
			name = Debug;
		};
		DC64BC24205FB88B003E204E /* Release */ = {
			isa = XCBuildConfiguration;
			buildSettings = {
				ALWAYS_SEARCH_USER_PATHS = NO;
				CLANG_ANALYZER_NONNULL = YES;
				CLANG_ANALYZER_NUMBER_OBJECT_CONVERSION = YES_AGGRESSIVE;
				CLANG_CXX_LANGUAGE_STANDARD = "gnu++14";
				CLANG_CXX_LIBRARY = "libc++";
				CLANG_ENABLE_MODULES = YES;
				CLANG_ENABLE_OBJC_ARC = YES;
				CLANG_WARN_BLOCK_CAPTURE_AUTORELEASING = YES;
				CLANG_WARN_BOOL_CONVERSION = YES;
				CLANG_WARN_COMMA = YES;
				CLANG_WARN_CONSTANT_CONVERSION = YES;
				CLANG_WARN_DIRECT_OBJC_ISA_USAGE = YES_ERROR;
				CLANG_WARN_DOCUMENTATION_COMMENTS = YES;
				CLANG_WARN_EMPTY_BODY = YES;
				CLANG_WARN_ENUM_CONVERSION = YES;
				CLANG_WARN_INFINITE_RECURSION = YES;
				CLANG_WARN_INT_CONVERSION = YES;
				CLANG_WARN_NON_LITERAL_NULL_CONVERSION = YES;
				CLANG_WARN_OBJC_LITERAL_CONVERSION = YES;
				CLANG_WARN_OBJC_ROOT_CLASS = YES_ERROR;
				CLANG_WARN_RANGE_LOOP_ANALYSIS = YES;
				CLANG_WARN_STRICT_PROTOTYPES = YES;
				CLANG_WARN_SUSPICIOUS_MOVE = YES;
				CLANG_WARN_UNGUARDED_AVAILABILITY = YES_AGGRESSIVE;
				CLANG_WARN_UNREACHABLE_CODE = YES;
				CLANG_WARN__DUPLICATE_METHOD_MATCH = YES;
				CODE_SIGN_IDENTITY = "iPhone Developer";
				COPY_PHASE_STRIP = NO;
				DEBUG_INFORMATION_FORMAT = "dwarf-with-dsym";
				ENABLE_NS_ASSERTIONS = NO;
				ENABLE_STRICT_OBJC_MSGSEND = YES;
				GCC_C_LANGUAGE_STANDARD = gnu11;
				GCC_NO_COMMON_BLOCKS = YES;
				GCC_WARN_64_TO_32_BIT_CONVERSION = YES;
				GCC_WARN_ABOUT_RETURN_TYPE = YES_ERROR;
				GCC_WARN_UNDECLARED_SELECTOR = YES;
				GCC_WARN_UNINITIALIZED_AUTOS = YES_AGGRESSIVE;
				GCC_WARN_UNUSED_FUNCTION = YES;
				GCC_WARN_UNUSED_VARIABLE = YES;
				IPHONEOS_DEPLOYMENT_TARGET = 9.0;
				MTL_ENABLE_DEBUG_INFO = NO;
				SDKROOT = iphoneos;
				SWIFT_OPTIMIZATION_LEVEL = "-Owholemodule";
				VALIDATE_PRODUCT = YES;
			};
			name = Release;
		};
		DC64BC26205FB88B003E204E /* Debug */ = {
			isa = XCBuildConfiguration;
			buildSettings = {
				ASSETCATALOG_COMPILER_APPICON_NAME = AppIcon;
				CODE_SIGN_STYLE = Automatic;
				DEVELOPMENT_TEAM = HGA4995V4J;
				INFOPLIST_FILE = YYImageStitching/Info.plist;
				IPHONEOS_DEPLOYMENT_TARGET = 9.0;
				LD_RUNPATH_SEARCH_PATHS = "$(inherited) @executable_path/Frameworks";
				PRODUCT_BUNDLE_IDENTIFIER = JN.PuXin.YYImageStitching;
				PRODUCT_NAME = "$(TARGET_NAME)";
				SWIFT_VERSION = 4.0;
				TARGETED_DEVICE_FAMILY = "1,2";
			};
			name = Debug;
		};
		DC64BC27205FB88B003E204E /* Release */ = {
			isa = XCBuildConfiguration;
			buildSettings = {
				ASSETCATALOG_COMPILER_APPICON_NAME = AppIcon;
				CODE_SIGN_STYLE = Automatic;
				DEVELOPMENT_TEAM = HGA4995V4J;
				INFOPLIST_FILE = YYImageStitching/Info.plist;
				IPHONEOS_DEPLOYMENT_TARGET = 9.0;
				LD_RUNPATH_SEARCH_PATHS = "$(inherited) @executable_path/Frameworks";
				PRODUCT_BUNDLE_IDENTIFIER = JN.PuXin.YYImageStitching;
				PRODUCT_NAME = "$(TARGET_NAME)";
				SWIFT_VERSION = 4.0;
				TARGETED_DEVICE_FAMILY = "1,2";
			};
			name = Release;
		};
		DC64BC29205FB88B003E204E /* Debug */ = {
			isa = XCBuildConfiguration;
			buildSettings = {
				ALWAYS_EMBED_SWIFT_STANDARD_LIBRARIES = YES;
				BUNDLE_LOADER = "$(TEST_HOST)";
				CODE_SIGN_STYLE = Automatic;
				DEVELOPMENT_TEAM = HGA4995V4J;
				INFOPLIST_FILE = YYImageStitchingTests/Info.plist;
				LD_RUNPATH_SEARCH_PATHS = "$(inherited) @executable_path/Frameworks @loader_path/Frameworks";
				PRODUCT_BUNDLE_IDENTIFIER = JN.PuXin.YYImageStitchingTests;
				PRODUCT_NAME = "$(TARGET_NAME)";
				SWIFT_VERSION = 4.0;
				TARGETED_DEVICE_FAMILY = "1,2";
				TEST_HOST = "$(BUILT_PRODUCTS_DIR)/YYImageStitching.app/YYImageStitching";
			};
			name = Debug;
		};
		DC64BC2A205FB88B003E204E /* Release */ = {
			isa = XCBuildConfiguration;
			buildSettings = {
				ALWAYS_EMBED_SWIFT_STANDARD_LIBRARIES = YES;
				BUNDLE_LOADER = "$(TEST_HOST)";
				CODE_SIGN_STYLE = Automatic;
				DEVELOPMENT_TEAM = HGA4995V4J;
				INFOPLIST_FILE = YYImageStitchingTests/Info.plist;
				LD_RUNPATH_SEARCH_PATHS = "$(inherited) @executable_path/Frameworks @loader_path/Frameworks";
				PRODUCT_BUNDLE_IDENTIFIER = JN.PuXin.YYImageStitchingTests;
				PRODUCT_NAME = "$(TARGET_NAME)";
				SWIFT_VERSION = 4.0;
				TARGETED_DEVICE_FAMILY = "1,2";
				TEST_HOST = "$(BUILT_PRODUCTS_DIR)/YYImageStitching.app/YYImageStitching";
			};
			name = Release;
		};
		DC64BC2C205FB88B003E204E /* Debug */ = {
			isa = XCBuildConfiguration;
			buildSettings = {
				ALWAYS_EMBED_SWIFT_STANDARD_LIBRARIES = YES;
				CODE_SIGN_STYLE = Automatic;
				DEVELOPMENT_TEAM = HGA4995V4J;
				INFOPLIST_FILE = YYImageStitchingUITests/Info.plist;
				LD_RUNPATH_SEARCH_PATHS = "$(inherited) @executable_path/Frameworks @loader_path/Frameworks";
				PRODUCT_BUNDLE_IDENTIFIER = JN.PuXin.YYImageStitchingUITests;
				PRODUCT_NAME = "$(TARGET_NAME)";
				SWIFT_VERSION = 4.0;
				TARGETED_DEVICE_FAMILY = "1,2";
				TEST_TARGET_NAME = YYImageStitching;
			};
			name = Debug;
		};
		DC64BC2D205FB88B003E204E /* Release */ = {
			isa = XCBuildConfiguration;
			buildSettings = {
				ALWAYS_EMBED_SWIFT_STANDARD_LIBRARIES = YES;
				CODE_SIGN_STYLE = Automatic;
				DEVELOPMENT_TEAM = HGA4995V4J;
				INFOPLIST_FILE = YYImageStitchingUITests/Info.plist;
				LD_RUNPATH_SEARCH_PATHS = "$(inherited) @executable_path/Frameworks @loader_path/Frameworks";
				PRODUCT_BUNDLE_IDENTIFIER = JN.PuXin.YYImageStitchingUITests;
				PRODUCT_NAME = "$(TARGET_NAME)";
				SWIFT_VERSION = 4.0;
				TARGETED_DEVICE_FAMILY = "1,2";
				TEST_TARGET_NAME = YYImageStitching;
			};
			name = Release;
		};
/* End XCBuildConfiguration section */

/* Begin XCConfigurationList section */
		DC64BBF8205FB88B003E204E /* Build configuration list for PBXProject "YYImageStitching" */ = {
			isa = XCConfigurationList;
			buildConfigurations = (
				DC64BC23205FB88B003E204E /* Debug */,
				DC64BC24205FB88B003E204E /* Release */,
			);
			defaultConfigurationIsVisible = 0;
			defaultConfigurationName = Release;
		};
		DC64BC25205FB88B003E204E /* Build configuration list for PBXNativeTarget "YYImageStitching" */ = {
			isa = XCConfigurationList;
			buildConfigurations = (
				DC64BC26205FB88B003E204E /* Debug */,
				DC64BC27205FB88B003E204E /* Release */,
			);
			defaultConfigurationIsVisible = 0;
			defaultConfigurationName = Release;
		};
		DC64BC28205FB88B003E204E /* Build configuration list for PBXNativeTarget "YYImageStitchingTests" */ = {
			isa = XCConfigurationList;
			buildConfigurations = (
				DC64BC29205FB88B003E204E /* Debug */,
				DC64BC2A205FB88B003E204E /* Release */,
			);
			defaultConfigurationIsVisible = 0;
			defaultConfigurationName = Release;
		};
		DC64BC2B205FB88B003E204E /* Build configuration list for PBXNativeTarget "YYImageStitchingUITests" */ = {
			isa = XCConfigurationList;
			buildConfigurations = (
				DC64BC2C205FB88B003E204E /* Debug */,
				DC64BC2D205FB88B003E204E /* Release */,
			);
			defaultConfigurationIsVisible = 0;
			defaultConfigurationName = Release;
		};
/* End XCConfigurationList section */
	};
	rootObject = DC64BBF5205FB88B003E204E /* Project object */;
}
