PODS:
  - Alamofire (4.7.2)
  - AlamofireImage (3.3.1):
    - Alamofire (~> 4.5)
  - Fusuma (1.2.4)
  - Google-Mobile-Ads-SDK (7.30.0)
  - ImagePickerSheetController (0.9.3)
  - ImageSource/AlamofireImage (2.0.1):
    - AlamofireImage (~> 3)
    - ImageSource/Remote
  - ImageSource/Core (2.0.1)
  - ImageSource/Local (2.0.1):
    - ImageSource/Core
  - ImageSource/PHAsset (2.0.1):
    - ImageSource/Core
  - ImageSource/Remote (2.0.1):
    - ImageSource/Core
    - ImageSource/UIKit
  - ImageSource/UIKit (2.0.1):
    - ImageSource/Core
  - JNWSpringAnimation (0.7.1)
  - Marshroute (0.4.2)
  - Paparazzo (2.0.0):
    - ImageSource/Core
    - ImageSource/Local
    - ImageSource/PHAsset
    - ImageSource/Remote
    - JNWSpringAnimation
    - Paparazzo/AlamofireImage (= 2.0.0)
    - Paparazzo/Core (= 2.0.0)
    - Paparazzo/Marshroute (= 2.0.0)
  - Paparazzo/AlamofireImage (2.0.0):
    - ImageSource/AlamofireImage
    - ImageSource/Core
    - ImageSource/Local
    - ImageSource/PHAsset
    - ImageSource/Remote
    - JNWSpringAnimation
    - Paparazzo/Core
  - Paparazzo/Core (2.0.0):
    - ImageSource/Core
    - ImageSource/Local
    - ImageSource/PHAsset
    - ImageSource/Remote
    - JNWSpringAnimation
  - Paparazzo/Marshroute (2.0.0):
    - ImageSource/Core
    - ImageSource/Local
    - ImageSource/PHAsset
    - ImageSource/Remote
    - JNWSpringAnimation
    - Marshroute
    - Paparazzo/Core
  - SKPhotoBrowser (5.0.8)
  - SnapKit (4.0.0)
  - SQLite.swift (0.11.5):
    - SQLite.swift/standard (= 0.11.5)
  - SQLite.swift/standard (0.11.5)
  - SteviaLayout (4.2.0)
  - WechatOpenSDK (1.8.2)
  - YPImagePicker (2.8.1):
    - SteviaLayout (~> 4.2.0)

DEPENDENCIES:
  - Fusuma
  - Google-Mobile-Ads-SDK
  - ImagePickerSheetController
  - Paparazzo
  - SKPhotoBrowser
  - SnapKit
  - SQLite.swift (~> 0.11.0)
  - WechatOpenSDK
  - YPImagePicker

SPEC REPOS:
  https://github.com/CocoaPods/Specs.git:
    - Alamofire
    - AlamofireImage
    - Fusuma
    - Google-Mobile-Ads-SDK
    - ImagePickerSheetController
    - ImageSource
    - JNWSpringAnimation
    - Marshroute
    - Paparazzo
    - SKPhotoBrowser
    - SnapKit
    - SQLite.swift
    - SteviaLayout
    - WechatOpenSDK
    - YPImagePicker

SPEC CHECKSUMS:
  Alamofire: e4fa87002c137ba2d8d634d2c51fabcda0d5c223
  AlamofireImage: 3b35b586853abaf94ca1250f4e94cff3c21a4c0d
  Fusuma: e85c394878a2e1549c67140ba7c038aff8d7581c
  Google-Mobile-Ads-SDK: 7404f68120ae8682afeb5af001fbf4aad731c78e
  ImagePickerSheetController: 4789b06940e299431455c61be77fda440883c36c
  ImageSource: 86b77f1fbf18273c7a3f8274900b169f78675a5e
  JNWSpringAnimation: cd4c2f4464324f63f176c3624ffccf205211a100
  Marshroute: 15cf8067a997bf298e9db9317dd7c32b8799a787
  Paparazzo: 9822c808f8a6f0c427975da2fe4c4e5c71f31c68
  SKPhotoBrowser: d50a4f7374d4d71574dbeb1429ae5c31e778b72e
  SnapKit: a42d492c16e80209130a3379f73596c3454b7694
  SQLite.swift: 6e5356850bb1791459f8c16d6ee9195b28714a2e
  SteviaLayout: 0d2112caea45707695e8c718262c8ea3dd37ef17
  WechatOpenSDK: 676feec516a11173eafd1fe64b10d27babf28701
  YPImagePicker: 7b44e0ca5e969a18e83cd3b54cec2e0cb287a40e

PODFILE CHECKSUM: 2c2d29404bcbfbbada5186ea79f6f58d78b41d40

COCOAPODS: 1.5.0
