PODS:
  - Google-Mobile-Ads-SDK (7.30.0)
  - SnapKit (4.0.0)
  - SQLite.swift (0.11.5):
    - SQLite.swift/standard (= 0.11.5)
  - SQLite.swift/standard (0.11.5)
  - WechatOpenSDK (1.8.2)

DEPENDENCIES:
  - Google-Mobile-Ads-SDK
  - SnapKit
  - SQLite.swift (~> 0.11.0)
  - WechatOpenSDK

SPEC REPOS:
  https://github.com/CocoaPods/Specs.git:
    - Google-Mobile-Ads-SDK
    - SnapKit
    - SQLite.swift
    - WechatOpenSDK

SPEC CHECKSUMS:
  Google-Mobile-Ads-SDK: 7404f68120ae8682afeb5af001fbf4aad731c78e
  SnapKit: a42d492c16e80209130a3379f73596c3454b7694
  SQLite.swift: 6e5356850bb1791459f8c16d6ee9195b28714a2e
  WechatOpenSDK: 676feec516a11173eafd1fe64b10d27babf28701

PODFILE CHECKSUM: 4f7fd46c5e01f8fb6dac793986783ed278f92cb6

COCOAPODS: 1.5.0
